// !$*UTF8*$!
{
	archiveVersion = 1;
	classes = {
	};
	objectVersion = 50;
	objects = {

/* Begin PBXBuildFile section */
		AB698F9E225B6C1B009E40BA /* ThirdViewController.swift in Sources */ = {isa = PBXBuildFile; fileRef = AB698F9D225B6C1B009E40BA /* ThirdViewController.swift */; };
		ABDF0D392256FF9B0026B9E1 /* AppDelegate.swift in Sources */ = {isa = PBXBuildFile; fileRef = ABDF0D382256FF9B0026B9E1 /* AppDelegate.swift */; };
		ABDF0D3B2256FF9B0026B9E1 /* ViewController.swift in Sources */ = {isa = PBXBuildFile; fileRef = ABDF0D3A2256FF9B0026B9E1 /* ViewController.swift */; };
		ABDF0D3E2256FF9B0026B9E1 /* Main.storyboard in Resources */ = {isa = PBXBuildFile; fileRef = ABDF0D3C2256FF9B0026B9E1 /* Main.storyboard */; };
		ABDF0D402256FF9C0026B9E1 /* Assets.xcassets in Resources */ = {isa = PBXBuildFile; fileRef = ABDF0D3F2256FF9C0026B9E1 /* Assets.xcassets */; };
		ABDF0D432256FF9C0026B9E1 /* LaunchScreen.storyboard in Resources */ = {isa = PBXBuildFile; fileRef = ABDF0D412256FF9C0026B9E1 /* LaunchScreen.storyboard */; };
		ABDF0D4B225701830026B9E1 /* SecondViewController.swift in Sources */ = {isa = PBXBuildFile; fileRef = ABDF0D4A225701830026B9E1 /* SecondViewController.swift */; };
/* End PBXBuildFile section */

/* Begin PBXFileReference section */
		AB698F9D225B6C1B009E40BA /* ThirdViewController.swift */ = {isa = PBXFileReference; lastKnownFileType = sourcecode.swift; path = ThirdViewController.swift; sourceTree = "<group>"; };
		ABDF0D352256FF9B0026B9E1 /* TapBarControllerExample.app */ = {isa = PBXFileReference; explicitFileType = wrapper.application; includeInIndex = 0; path = TapBarControllerExample.app; sourceTree = BUILT_PRODUCTS_DIR; };
		ABDF0D382256FF9B0026B9E1 /* AppDelegate.swift */ = {isa = PBXFileReference; lastKnownFileType = sourcecode.swift; path = AppDelegate.swift; sourceTree = "<group>"; };
		ABDF0D3A2256FF9B0026B9E1 /* ViewController.swift */ = {isa = PBXFileReference; lastKnownFileType = sourcecode.swift; path = ViewController.swift; sourceTree = "<group>"; };
		ABDF0D3D2256FF9B0026B9E1 /* Base */ = {isa = PBXFileReference; lastKnownFileType = file.storyboard; name = Base; path = Base.lproj/Main.storyboard; sourceTree = "<group>"; };
		ABDF0D3F2256FF9C0026B9E1 /* Assets.xcassets */ = {isa = PBXFileReference; lastKnownFileType = folder.assetcatalog; path = Assets.xcassets; sourceTree = "<group>"; };
		ABDF0D422256FF9C0026B9E1 /* Base */ = {isa = PBXFileReference; lastKnownFileType = file.storyboard; name = Base; path = Base.lproj/LaunchScreen.storyboard; sourceTree = "<group>"; };
		ABDF0D442256FF9C0026B9E1 /* Info.plist */ = {isa = PBXFileReference; lastKnownFileType = text.plist.xml; path = Info.plist; sourceTree = "<group>"; };
		ABDF0D4A225701830026B9E1 /* SecondViewController.swift */ = {isa = PBXFileReference; lastKnownFileType = sourcecode.swift; path = SecondViewController.swift; sourceTree = "<group>"; };
/* End PBXFileReference section */

/* Begin PBXFrameworksBuildPhase section */
		ABDF0D322256FF9B0026B9E1 /* Frameworks */ = {
			isa = PBXFrameworksBuildPhase;
			buildActionMask = 2147483647;
			files = (
			);
			runOnlyForDeploymentPostprocessing = 0;
		};
/* End PBXFrameworksBuildPhase section */

/* Begin PBXGroup section */
		ABDF0D2C2256FF9B0026B9E1 = {
			isa = PBXGroup;
			children = (
				ABDF0D372256FF9B0026B9E1 /* TapBarControllerExample */,
				ABDF0D362256FF9B0026B9E1 /* Products */,
			);
			sourceTree = "<group>";
		};
		ABDF0D362256FF9B0026B9E1 /* Products */ = {
			isa = PBXGroup;
			children = (
				ABDF0D352256FF9B0026B9E1 /* TapBarControllerExample.app */,
			);
			name = Products;
			sourceTree = "<group>";
		};
		ABDF0D372256FF9B0026B9E1 /* TapBarControllerExample */ = {
			isa = PBXGroup;
			children = (
				ABDF0D382256FF9B0026B9E1 /* AppDelegate.swift */,
				ABDF0D3A2256FF9B0026B9E1 /* ViewController.swift */,
				ABDF0D4A225701830026B9E1 /* SecondViewController.swift */,
				AB698F9D225B6C1B009E40BA /* ThirdViewController.swift */,
				ABDF0D3C2256FF9B0026B9E1 /* Main.storyboard */,
				ABDF0D3F2256FF9C0026B9E1 /* Assets.xcassets */,
				ABDF0D412256FF9C0026B9E1 /* LaunchScreen.storyboard */,
				ABDF0D442256FF9C0026B9E1 /* Info.plist */,
			);
			path = TapBarControllerExample;
			sourceTree = "<group>";
		};
/* End PBXGroup section */

/* Begin PBXNativeTarget section */
		ABDF0D342256FF9B0026B9E1 /* TapBarControllerExample */ = {
			isa = PBXNativeTarget;
			buildConfigurationList = ABDF0D472256FF9C0026B9E1 /* Build configuration list for PBXNativeTarget "TapBarControllerExample" */;
			buildPhases = (
				ABDF0D312256FF9B0026B9E1 /* Sources */,
				ABDF0D322256FF9B0026B9E1 /* Frameworks */,
				ABDF0D332256FF9B0026B9E1 /* Resources */,
			);
			buildRules = (
			);
			dependencies = (
			);
			name = TapBarControllerExample;
			productName = TapBarControllerExample;
			productReference = ABDF0D352256FF9B0026B9E1 /* TapBarControllerExample.app */;
			productType = "com.apple.product-type.application";
		};
/* End PBXNativeTarget section */

/* Begin PBXProject section */
		ABDF0D2D2256FF9B0026B9E1 /* Project object */ = {
			isa = PBXProject;
			attributes = {
				LastSwiftUpdateCheck = 1020;
				LastUpgradeCheck = 1020;
				ORGANIZATIONNAME = TapBarControllerExample;
				TargetAttributes = {
					ABDF0D342256FF9B0026B9E1 = {
						CreatedOnToolsVersion = 10.2;
					};
				};
			};
			buildConfigurationList = ABDF0D302256FF9B0026B9E1 /* Build configuration list for PBXProject "TapBarControllerExample" */;
			compatibilityVersion = "Xcode 9.3";
			developmentRegion = en;
			hasScannedForEncodings = 0;
			knownRegions = (
				en,
				Base,
			);
			mainGroup = ABDF0D2C2256FF9B0026B9E1;
			productRefGroup = ABDF0D362256FF9B0026B9E1 /* Products */;
			projectDirPath = "";
			projectRoot = "";
			targets = (
				ABDF0D342256FF9B0026B9E1 /* TapBarControllerExample */,
			);
		};
/* End PBXProject section */

/* Begin PBXResourcesBuildPhase section */
		ABDF0D332256FF9B0026B9E1 /* Resources */ = {
			isa = PBXResourcesBuildPhase;
			buildActionMask = 2147483647;
			files = (
				ABDF0D432256FF9C0026B9E1 /* LaunchScreen.storyboard in Resources */,
				ABDF0D402256FF9C0026B9E1 /* Assets.xcassets in Resources */,
				ABDF0D3E2256FF9B0026B9E1 /* Main.storyboard in Resources */,
			);
			runOnlyForDeploymentPostprocessing = 0;
		};
/* End PBXResourcesBuildPhase section */

/* Begin PBXSourcesBuildPhase section */
		ABDF0D312256FF9B0026B9E1 /* Sources */ = {
			isa = PBXSourcesBuildPhase;
			buildActionMask = 2147483647;
			files = (
				ABDF0D4B225701830026B9E1 /* SecondViewController.swift in Sources */,
				ABDF0D3B2256FF9B0026B9E1 /* ViewController.swift in Sources */,
				AB698F9E225B6C1B009E40BA /* ThirdViewController.swift in Sources */,
				ABDF0D392256FF9B0026B9E1 /* AppDelegate.swift in Sources */,
			);
			runOnlyForDeploymentPostprocessing = 0;
		};
/* End PBXSourcesBuildPhase section */

/* Begin PBXVariantGroup section */
		ABDF0D3C2256FF9B0026B9E1 /* Main.storyboard */ = {
			isa = PBXVariantGroup;
			children = (
				ABDF0D3D2256FF9B0026B9E1 /* Base */,
			);
			name = Main.storyboard;
			sourceTree = "<group>";
		};
		ABDF0D412256FF9C0026B9E1 /* LaunchScreen.storyboard */ = {
			isa = PBXVariantGroup;
			children = (
				ABDF0D422256FF9C0026B9E1 /* Base */,
			);
			name = LaunchScreen.storyboard;
			sourceTree = "<group>";
		};
/* End PBXVariantGroup section */

/* Begin XCBuildConfiguration section */
		ABDF0D452256FF9C0026B9E1 /* Debug */ = {
			isa = XCBuildConfiguration;
			buildSettings = {
				ALWAYS_SEARCH_USER_PATHS = NO;
				CLANG_ANALYZER_NONNULL = YES;
				CLANG_ANALYZER_NUMBER_OBJECT_CONVERSION = YES_AGGRESSIVE;
				CLANG_CXX_LANGUAGE_STANDARD = "gnu++14";
				CLANG_CXX_LIBRARY = "libc++";
				CLANG_ENABLE_MODULES = YES;
				CLANG_ENABLE_OBJC_ARC = YES;
				CLANG_ENABLE_OBJC_WEAK = YES;
				CLANG_WARN_BLOCK_CAPTURE_AUTORELEASING = YES;
				CLANG_WARN_BOOL_CONVERSION = YES;
				CLANG_WARN_COMMA = YES;
				CLANG_WARN_CONSTANT_CONVERSION = YES;
				CLANG_WARN_DEPRECATED_OBJC_IMPLEMENTATIONS = YES;
				CLANG_WARN_DIRECT_OBJC_ISA_USAGE = YES_ERROR;
				CLANG_WARN_DOCUMENTATION_COMMENTS = YES;
				CLANG_WARN_EMPTY_BODY = YES;
				CLANG_WARN_ENUM_CONVERSION = YES;
				CLANG_WARN_INFINITE_RECURSION = YES;
				CLANG_WARN_INT_CONVERSION = YES;
				CLANG_WARN_NON_LITERAL_NULL_CONVERSION = YES;
				CLANG_WARN_OBJC_IMPLICIT_RETAIN_SELF = YES;
				CLANG_WARN_OBJC_LITERAL_CONVERSION = YES;
				CLANG_WARN_OBJC_ROOT_CLASS = YES_ERROR;
				CLANG_WARN_RANGE_LOOP_ANALYSIS = YES;
				CLANG_WARN_STRICT_PROTOTYPES = YES;
				CLANG_WARN_SUSPICIOUS_MOVE = YES;
				CLANG_WARN_UNGUARDED_AVAILABILITY = YES_AGGRESSIVE;
				CLANG_WARN_UNREACHABLE_CODE = YES;
				CLANG_WARN__DUPLICATE_METHOD_MATCH = YES;
				CODE_SIGN_IDENTITY = "iPhone Developer";
				COPY_PHASE_STRIP = NO;
				DEBUG_INFORMATION_FORMAT = dwarf;
				ENABLE_STRICT_OBJC_MSGSEND = YES;
				ENABLE_TESTABILITY = YES;
				GCC_C_LANGUAGE_STANDARD = gnu11;
				GCC_DYNAMIC_NO_PIC = NO;
				GCC_NO_COMMON_BLOCKS = YES;
				GCC_OPTIMIZATION_LEVEL = 0;
				GCC_PREPROCESSOR_DEFINITIONS = (
					"DEBUG=1",
					"$(inherited)",
				);
				GCC_WARN_64_TO_32_BIT_CONVERSION = YES;
				GCC_WARN_ABOUT_RETURN_TYPE = YES_ERROR;
				GCC_WARN_UNDECLARED_SELECTOR = YES;
				GCC_WARN_UNINITIALIZED_AUTOS = YES_AGGRESSIVE;
				GCC_WARN_UNUSED_FUNCTION = YES;
				GCC_WARN_UNUSED_VARIABLE = YES;
				IPHONEOS_DEPLOYMENT_TARGET = 12.2;
				MTL_ENABLE_DEBUG_INFO = INCLUDE_SOURCE;
				MTL_FAST_MATH = YES;
				ONLY_ACTIVE_ARCH = YES;
				SDKROOT = iphoneos;
				SWIFT_ACTIVE_COMPILATION_CONDITIONS = DEBUG;
				SWIFT_OPTIMIZATION_LEVEL = "-Onone";
			};
			name = Debug;
		};
		ABDF0D462256FF9C0026B9E1 /* Release */ = {
			isa = XCBuildConfiguration;
			buildSettings = {
				ALWAYS_SEARCH_USER_PATHS = NO;
				CLANG_ANALYZER_NONNULL = YES;
				CLANG_ANALYZER_NUMBER_OBJECT_CONVERSION = YES_AGGRESSIVE;
				CLANG_CXX_LANGUAGE_STANDARD = "gnu++14";
				CLANG_CXX_LIBRARY = "libc++";
				CLANG_ENABLE_MODULES = YES;
				CLANG_ENABLE_OBJC_ARC = YES;
				CLANG_ENABLE_OBJC_WEAK = YES;
				CLANG_WARN_BLOCK_CAPTURE_AUTORELEASING = YES;
				CLANG_WARN_BOOL_CONVERSION = YES;
				CLANG_WARN_COMMA = YES;
				CLANG_WARN_CONSTANT_CONVERSION = YES;
				CLANG_WARN_DEPRECATED_OBJC_IMPLEMENTATIONS = YES;
				CLANG_WARN_DIRECT_OBJC_ISA_USAGE = YES_ERROR;
				CLANG_WARN_DOCUMENTATION_COMMENTS = YES;
				CLANG_WARN_EMPTY_BODY = YES;
				CLANG_WARN_ENUM_CONVERSION = YES;
				CLANG_WARN_INFINITE_RECURSION = YES;
				CLANG_WARN_INT_CONVERSION = YES;
				CLANG_WARN_NON_LITERAL_NULL_CONVERSION = YES;
				CLANG_WARN_OBJC_IMPLICIT_RETAIN_SELF = YES;
				CLANG_WARN_OBJC_LITERAL_CONVERSION = YES;
				CLANG_WARN_OBJC_ROOT_CLASS = YES_ERROR;
				CLANG_WARN_RANGE_LOOP_ANALYSIS = YES;
				CLANG_WARN_STRICT_PROTOTYPES = YES;
				CLANG_WARN_SUSPICIOUS_MOVE = YES;
				CLANG_WARN_UNGUARDED_AVAILABILITY = YES_AGGRESSIVE;
				CLANG_WARN_UNREACHABLE_CODE = YES;
				CLANG_WARN__DUPLICATE_METHOD_MATCH = YES;
				CODE_SIGN_IDENTITY = "iPhone Developer";
				COPY_PHASE_STRIP = NO;
				DEBUG_INFORMATION_FORMAT = "dwarf-with-dsym";
				ENABLE_NS_ASSERTIONS = NO;
				ENABLE_STRICT_OBJC_MSGSEND = YES;
				GCC_C_LANGUAGE_STANDARD = gnu11;
				GCC_NO_COMMON_BLOCKS = YES;
				GCC_WARN_64_TO_32_BIT_CONVERSION = YES;
				GCC_WARN_ABOUT_RETURN_TYPE = YES_ERROR;
				GCC_WARN_UNDECLARED_SELECTOR = YES;
				GCC_WARN_UNINITIALIZED_AUTOS = YES_AGGRESSIVE;
				GCC_WARN_UNUSED_FUNCTION = YES;
				GCC_WARN_UNUSED_VARIABLE = YES;
				IPHONEOS_DEPLOYMENT_TARGET = 12.2;
				MTL_ENABLE_DEBUG_INFO = NO;
				MTL_FAST_MATH = YES;
				SDKROOT = iphoneos;
				SWIFT_COMPILATION_MODE = wholemodule;
				SWIFT_OPTIMIZATION_LEVEL = "-O";
				VALIDATE_PRODUCT = YES;
			};
			name = Release;
		};
		ABDF0D482256FF9C0026B9E1 /* Debug */ = {
			isa = XCBuildConfiguration;
			buildSettings = {
				ASSETCATALOG_COMPILER_APPICON_NAME = AppIcon;
				CODE_SIGN_STYLE = Automatic;
				INFOPLIST_FILE = TapBarControllerExample/Info.plist;
				LD_RUNPATH_SEARCH_PATHS = (
					"$(inherited)",
					"@executable_path/Frameworks",
				);
				PRODUCT_BUNDLE_IDENTIFIER = ko.TapBarControllerExample;
				PRODUCT_NAME = "$(TARGET_NAME)";
				SWIFT_VERSION = 5.0;
				TARGETED_DEVICE_FAMILY = "1,2";
			};
			name = Debug;
		};
		ABDF0D492256FF9C0026B9E1 /* Release */ = {
			isa = XCBuildConfiguration;
			buildSettings = {
				ASSETCATALOG_COMPILER_APPICON_NAME = AppIcon;
				CODE_SIGN_STYLE = Automatic;
				INFOPLIST_FILE = TapBarControllerExample/Info.plist;
				LD_RUNPATH_SEARCH_PATHS = (
					"$(inherited)",
					"@executable_path/Frameworks",
				);
				PRODUCT_BUNDLE_IDENTIFIER = ko.TapBarControllerExample;
				PRODUCT_NAME = "$(TARGET_NAME)";
				SWIFT_VERSION = 5.0;
				TARGETED_DEVICE_FAMILY = "1,2";
			};
			name = Release;
		};
/* End XCBuildConfiguration section */

/* Begin XCConfigurationList section */
		ABDF0D302256FF9B0026B9E1 /* Build configuration list for PBXProject "TapBarControllerExample" */ = {
			isa = XCConfigurationList;
			buildConfigurations = (
				ABDF0D452256FF9C0026B9E1 /* Debug */,
				ABDF0D462256FF9C0026B9E1 /* Release */,
			);
			defaultConfigurationIsVisible = 0;
			defaultConfigurationName = Release;
		};
		ABDF0D472256FF9C0026B9E1 /* Build configuration list for PBXNativeTarget "TapBarControllerExample" */ = {
			isa = XCConfigurationList;
			buildConfigurations = (
				ABDF0D482256FF9C0026B9E1 /* Debug */,
				ABDF0D492256FF9C0026B9E1 /* Release */,
			);
			defaultConfigurationIsVisible = 0;
			defaultConfigurationName = Release;
		};
/* End XCConfigurationList section */
	};
	rootObject = ABDF0D2D2256FF9B0026B9E1 /* Project object */;
}
