// !$*UTF8*$!
{
	archiveVersion = 1;
	classes = {
	};
	objectVersion = 50;
	objects = {

/* Begin PBXBuildFile section */
		AB7C82382271906100F781EA /* AppDelegate.swift in Sources */ = {isa = PBXBuildFile; fileRef = AB7C82372271906100F781EA /* AppDelegate.swift */; };
		AB7C823A2271906100F781EA /* ViewController.swift in Sources */ = {isa = PBXBuildFile; fileRef = AB7C82392271906100F781EA /* ViewController.swift */; };
		AB7C823D2271906100F781EA /* Main.storyboard in Resources */ = {isa = PBXBuildFile; fileRef = AB7C823B2271906100F781EA /* Main.storyboard */; };
		AB7C823F2271906200F781EA /* Assets.xcassets in Resources */ = {isa = PBXBuildFile; fileRef = AB7C823E2271906200F781EA /* Assets.xcassets */; };
		AB7C82422271906200F781EA /* LaunchScreen.storyboard in Resources */ = {isa = PBXBuildFile; fileRef = AB7C82402271906200F781EA /* LaunchScreen.storyboard */; };
		AB7C824D2271906200F781EA /* ScrollViewPrac2Tests.swift in Sources */ = {isa = PBXBuildFile; fileRef = AB7C824C2271906200F781EA /* ScrollViewPrac2Tests.swift */; };
/* End PBXBuildFile section */

/* Begin PBXContainerItemProxy section */
		AB7C82492271906200F781EA /* PBXContainerItemProxy */ = {
			isa = PBXContainerItemProxy;
			containerPortal = AB7C822C2271906100F781EA /* Project object */;
			proxyType = 1;
			remoteGlobalIDString = AB7C82332271906100F781EA;
			remoteInfo = ScrollViewPrac2;
		};
/* End PBXContainerItemProxy section */

/* Begin PBXFileReference section */
		AB7C82342271906100F781EA /* ScrollViewPrac2.app */ = {isa = PBXFileReference; explicitFileType = wrapper.application; includeInIndex = 0; path = ScrollViewPrac2.app; sourceTree = BUILT_PRODUCTS_DIR; };
		AB7C82372271906100F781EA /* AppDelegate.swift */ = {isa = PBXFileReference; lastKnownFileType = sourcecode.swift; path = AppDelegate.swift; sourceTree = "<group>"; };
		AB7C82392271906100F781EA /* ViewController.swift */ = {isa = PBXFileReference; lastKnownFileType = sourcecode.swift; path = ViewController.swift; sourceTree = "<group>"; };
		AB7C823C2271906100F781EA /* Base */ = {isa = PBXFileReference; lastKnownFileType = file.storyboard; name = Base; path = Base.lproj/Main.storyboard; sourceTree = "<group>"; };
		AB7C823E2271906200F781EA /* Assets.xcassets */ = {isa = PBXFileReference; lastKnownFileType = folder.assetcatalog; path = Assets.xcassets; sourceTree = "<group>"; };
		AB7C82412271906200F781EA /* Base */ = {isa = PBXFileReference; lastKnownFileType = file.storyboard; name = Base; path = Base.lproj/LaunchScreen.storyboard; sourceTree = "<group>"; };
		AB7C82432271906200F781EA /* Info.plist */ = {isa = PBXFileReference; lastKnownFileType = text.plist.xml; path = Info.plist; sourceTree = "<group>"; };
		AB7C82482271906200F781EA /* ScrollViewPrac2Tests.xctest */ = {isa = PBXFileReference; explicitFileType = wrapper.cfbundle; includeInIndex = 0; path = ScrollViewPrac2Tests.xctest; sourceTree = BUILT_PRODUCTS_DIR; };
		AB7C824C2271906200F781EA /* ScrollViewPrac2Tests.swift */ = {isa = PBXFileReference; lastKnownFileType = sourcecode.swift; path = ScrollViewPrac2Tests.swift; sourceTree = "<group>"; };
		AB7C824E2271906200F781EA /* Info.plist */ = {isa = PBXFileReference; lastKnownFileType = text.plist.xml; path = Info.plist; sourceTree = "<group>"; };
/* End PBXFileReference section */

/* Begin PBXFrameworksBuildPhase section */
		AB7C82312271906100F781EA /* Frameworks */ = {
			isa = PBXFrameworksBuildPhase;
			buildActionMask = 2147483647;
			files = (
			);
			runOnlyForDeploymentPostprocessing = 0;
		};
		AB7C82452271906200F781EA /* Frameworks */ = {
			isa = PBXFrameworksBuildPhase;
			buildActionMask = 2147483647;
			files = (
			);
			runOnlyForDeploymentPostprocessing = 0;
		};
/* End PBXFrameworksBuildPhase section */

/* Begin PBXGroup section */
		AB7C822B2271906100F781EA = {
			isa = PBXGroup;
			children = (
				AB7C82362271906100F781EA /* ScrollViewPrac2 */,
				AB7C824B2271906200F781EA /* ScrollViewPrac2Tests */,
				AB7C82352271906100F781EA /* Products */,
			);
			sourceTree = "<group>";
		};
		AB7C82352271906100F781EA /* Products */ = {
			isa = PBXGroup;
			children = (
				AB7C82342271906100F781EA /* ScrollViewPrac2.app */,
				AB7C82482271906200F781EA /* ScrollViewPrac2Tests.xctest */,
			);
			name = Products;
			sourceTree = "<group>";
		};
		AB7C82362271906100F781EA /* ScrollViewPrac2 */ = {
			isa = PBXGroup;
			children = (
				AB7C82372271906100F781EA /* AppDelegate.swift */,
				AB7C82392271906100F781EA /* ViewController.swift */,
				AB7C823B2271906100F781EA /* Main.storyboard */,
				AB7C823E2271906200F781EA /* Assets.xcassets */,
				AB7C82402271906200F781EA /* LaunchScreen.storyboard */,
				AB7C82432271906200F781EA /* Info.plist */,
			);
			path = ScrollViewPrac2;
			sourceTree = "<group>";
		};
		AB7C824B2271906200F781EA /* ScrollViewPrac2Tests */ = {
			isa = PBXGroup;
			children = (
				AB7C824C2271906200F781EA /* ScrollViewPrac2Tests.swift */,
				AB7C824E2271906200F781EA /* Info.plist */,
			);
			path = ScrollViewPrac2Tests;
			sourceTree = "<group>";
		};
/* End PBXGroup section */

/* Begin PBXNativeTarget section */
		AB7C82332271906100F781EA /* ScrollViewPrac2 */ = {
			isa = PBXNativeTarget;
			buildConfigurationList = AB7C82512271906200F781EA /* Build configuration list for PBXNativeTarget "ScrollViewPrac2" */;
			buildPhases = (
				AB7C82302271906100F781EA /* Sources */,
				AB7C82312271906100F781EA /* Frameworks */,
				AB7C82322271906100F781EA /* Resources */,
			);
			buildRules = (
			);
			dependencies = (
			);
			name = ScrollViewPrac2;
			productName = ScrollViewPrac2;
			productReference = AB7C82342271906100F781EA /* ScrollViewPrac2.app */;
			productType = "com.apple.product-type.application";
		};
		AB7C82472271906200F781EA /* ScrollViewPrac2Tests */ = {
			isa = PBXNativeTarget;
			buildConfigurationList = AB7C82542271906200F781EA /* Build configuration list for PBXNativeTarget "ScrollViewPrac2Tests" */;
			buildPhases = (
				AB7C82442271906200F781EA /* Sources */,
				AB7C82452271906200F781EA /* Frameworks */,
				AB7C82462271906200F781EA /* Resources */,
			);
			buildRules = (
			);
			dependencies = (
				AB7C824A2271906200F781EA /* PBXTargetDependency */,
			);
			name = ScrollViewPrac2Tests;
			productName = ScrollViewPrac2Tests;
			productReference = AB7C82482271906200F781EA /* ScrollViewPrac2Tests.xctest */;
			productType = "com.apple.product-type.bundle.unit-test";
		};
/* End PBXNativeTarget section */

/* Begin PBXProject section */
		AB7C822C2271906100F781EA /* Project object */ = {
			isa = PBXProject;
			attributes = {
				LastSwiftUpdateCheck = 1020;
				LastUpgradeCheck = 1020;
				ORGANIZATIONNAME = "고정아";
				TargetAttributes = {
					AB7C82332271906100F781EA = {
						CreatedOnToolsVersion = 10.2;
					};
					AB7C82472271906200F781EA = {
						CreatedOnToolsVersion = 10.2;
						TestTargetID = AB7C82332271906100F781EA;
					};
				};
			};
			buildConfigurationList = AB7C822F2271906100F781EA /* Build configuration list for PBXProject "ScrollViewPrac2" */;
			compatibilityVersion = "Xcode 9.3";
			developmentRegion = en;
			hasScannedForEncodings = 0;
			knownRegions = (
				en,
				Base,
			);
			mainGroup = AB7C822B2271906100F781EA;
			productRefGroup = AB7C82352271906100F781EA /* Products */;
			projectDirPath = "";
			projectRoot = "";
			targets = (
				AB7C82332271906100F781EA /* ScrollViewPrac2 */,
				AB7C82472271906200F781EA /* ScrollViewPrac2Tests */,
			);
		};
/* End PBXProject section */

/* Begin PBXResourcesBuildPhase section */
		AB7C82322271906100F781EA /* Resources */ = {
			isa = PBXResourcesBuildPhase;
			buildActionMask = 2147483647;
			files = (
				AB7C82422271906200F781EA /* LaunchScreen.storyboard in Resources */,
				AB7C823F2271906200F781EA /* Assets.xcassets in Resources */,
				AB7C823D2271906100F781EA /* Main.storyboard in Resources */,
			);
			runOnlyForDeploymentPostprocessing = 0;
		};
		AB7C82462271906200F781EA /* Resources */ = {
			isa = PBXResourcesBuildPhase;
			buildActionMask = 2147483647;
			files = (
			);
			runOnlyForDeploymentPostprocessing = 0;
		};
/* End PBXResourcesBuildPhase section */

/* Begin PBXSourcesBuildPhase section */
		AB7C82302271906100F781EA /* Sources */ = {
			isa = PBXSourcesBuildPhase;
			buildActionMask = 2147483647;
			files = (
				AB7C823A2271906100F781EA /* ViewController.swift in Sources */,
				AB7C82382271906100F781EA /* AppDelegate.swift in Sources */,
			);
			runOnlyForDeploymentPostprocessing = 0;
		};
		AB7C82442271906200F781EA /* Sources */ = {
			isa = PBXSourcesBuildPhase;
			buildActionMask = 2147483647;
			files = (
				AB7C824D2271906200F781EA /* ScrollViewPrac2Tests.swift in Sources */,
			);
			runOnlyForDeploymentPostprocessing = 0;
		};
/* End PBXSourcesBuildPhase section */

/* Begin PBXTargetDependency section */
		AB7C824A2271906200F781EA /* PBXTargetDependency */ = {
			isa = PBXTargetDependency;
			target = AB7C82332271906100F781EA /* ScrollViewPrac2 */;
			targetProxy = AB7C82492271906200F781EA /* PBXContainerItemProxy */;
		};
/* End PBXTargetDependency section */

/* Begin PBXVariantGroup section */
		AB7C823B2271906100F781EA /* Main.storyboard */ = {
			isa = PBXVariantGroup;
			children = (
				AB7C823C2271906100F781EA /* Base */,
			);
			name = Main.storyboard;
			sourceTree = "<group>";
		};
		AB7C82402271906200F781EA /* LaunchScreen.storyboard */ = {
			isa = PBXVariantGroup;
			children = (
				AB7C82412271906200F781EA /* Base */,
			);
			name = LaunchScreen.storyboard;
			sourceTree = "<group>";
		};
/* End PBXVariantGroup section */

/* Begin XCBuildConfiguration section */
		AB7C824F2271906200F781EA /* Debug */ = {
			isa = XCBuildConfiguration;
			buildSettings = {
				ALWAYS_SEARCH_USER_PATHS = NO;
				CLANG_ANALYZER_NONNULL = YES;
				CLANG_ANALYZER_NUMBER_OBJECT_CONVERSION = YES_AGGRESSIVE;
				CLANG_CXX_LANGUAGE_STANDARD = "gnu++14";
				CLANG_CXX_LIBRARY = "libc++";
				CLANG_ENABLE_MODULES = YES;
				CLANG_ENABLE_OBJC_ARC = YES;
				CLANG_ENABLE_OBJC_WEAK = YES;
				CLANG_WARN_BLOCK_CAPTURE_AUTORELEASING = YES;
				CLANG_WARN_BOOL_CONVERSION = YES;
				CLANG_WARN_COMMA = YES;
				CLANG_WARN_CONSTANT_CONVERSION = YES;
				CLANG_WARN_DEPRECATED_OBJC_IMPLEMENTATIONS = YES;
				CLANG_WARN_DIRECT_OBJC_ISA_USAGE = YES_ERROR;
				CLANG_WARN_DOCUMENTATION_COMMENTS = YES;
				CLANG_WARN_EMPTY_BODY = YES;
				CLANG_WARN_ENUM_CONVERSION = YES;
				CLANG_WARN_INFINITE_RECURSION = YES;
				CLANG_WARN_INT_CONVERSION = YES;
				CLANG_WARN_NON_LITERAL_NULL_CONVERSION = YES;
				CLANG_WARN_OBJC_IMPLICIT_RETAIN_SELF = YES;
				CLANG_WARN_OBJC_LITERAL_CONVERSION = YES;
				CLANG_WARN_OBJC_ROOT_CLASS = YES_ERROR;
				CLANG_WARN_RANGE_LOOP_ANALYSIS = YES;
				CLANG_WARN_STRICT_PROTOTYPES = YES;
				CLANG_WARN_SUSPICIOUS_MOVE = YES;
				CLANG_WARN_UNGUARDED_AVAILABILITY = YES_AGGRESSIVE;
				CLANG_WARN_UNREACHABLE_CODE = YES;
				CLANG_WARN__DUPLICATE_METHOD_MATCH = YES;
				CODE_SIGN_IDENTITY = "iPhone Developer";
				COPY_PHASE_STRIP = NO;
				DEBUG_INFORMATION_FORMAT = dwarf;
				ENABLE_STRICT_OBJC_MSGSEND = YES;
				ENABLE_TESTABILITY = YES;
				GCC_C_LANGUAGE_STANDARD = gnu11;
				GCC_DYNAMIC_NO_PIC = NO;
				GCC_NO_COMMON_BLOCKS = YES;
				GCC_OPTIMIZATION_LEVEL = 0;
				GCC_PREPROCESSOR_DEFINITIONS = (
					"DEBUG=1",
					"$(inherited)",
				);
				GCC_WARN_64_TO_32_BIT_CONVERSION = YES;
				GCC_WARN_ABOUT_RETURN_TYPE = YES_ERROR;
				GCC_WARN_UNDECLARED_SELECTOR = YES;
				GCC_WARN_UNINITIALIZED_AUTOS = YES_AGGRESSIVE;
				GCC_WARN_UNUSED_FUNCTION = YES;
				GCC_WARN_UNUSED_VARIABLE = YES;
				IPHONEOS_DEPLOYMENT_TARGET = 12.2;
				MTL_ENABLE_DEBUG_INFO = INCLUDE_SOURCE;
				MTL_FAST_MATH = YES;
				ONLY_ACTIVE_ARCH = YES;
				SDKROOT = iphoneos;
				SWIFT_ACTIVE_COMPILATION_CONDITIONS = DEBUG;
				SWIFT_OPTIMIZATION_LEVEL = "-Onone";
			};
			name = Debug;
		};
		AB7C82502271906200F781EA /* Release */ = {
			isa = XCBuildConfiguration;
			buildSettings = {
				ALWAYS_SEARCH_USER_PATHS = NO;
				CLANG_ANALYZER_NONNULL = YES;
				CLANG_ANALYZER_NUMBER_OBJECT_CONVERSION = YES_AGGRESSIVE;
				CLANG_CXX_LANGUAGE_STANDARD = "gnu++14";
				CLANG_CXX_LIBRARY = "libc++";
				CLANG_ENABLE_MODULES = YES;
				CLANG_ENABLE_OBJC_ARC = YES;
				CLANG_ENABLE_OBJC_WEAK = YES;
				CLANG_WARN_BLOCK_CAPTURE_AUTORELEASING = YES;
				CLANG_WARN_BOOL_CONVERSION = YES;
				CLANG_WARN_COMMA = YES;
				CLANG_WARN_CONSTANT_CONVERSION = YES;
				CLANG_WARN_DEPRECATED_OBJC_IMPLEMENTATIONS = YES;
				CLANG_WARN_DIRECT_OBJC_ISA_USAGE = YES_ERROR;
				CLANG_WARN_DOCUMENTATION_COMMENTS = YES;
				CLANG_WARN_EMPTY_BODY = YES;
				CLANG_WARN_ENUM_CONVERSION = YES;
				CLANG_WARN_INFINITE_RECURSION = YES;
				CLANG_WARN_INT_CONVERSION = YES;
				CLANG_WARN_NON_LITERAL_NULL_CONVERSION = YES;
				CLANG_WARN_OBJC_IMPLICIT_RETAIN_SELF = YES;
				CLANG_WARN_OBJC_LITERAL_CONVERSION = YES;
				CLANG_WARN_OBJC_ROOT_CLASS = YES_ERROR;
				CLANG_WARN_RANGE_LOOP_ANALYSIS = YES;
				CLANG_WARN_STRICT_PROTOTYPES = YES;
				CLANG_WARN_SUSPICIOUS_MOVE = YES;
				CLANG_WARN_UNGUARDED_AVAILABILITY = YES_AGGRESSIVE;
				CLANG_WARN_UNREACHABLE_CODE = YES;
				CLANG_WARN__DUPLICATE_METHOD_MATCH = YES;
				CODE_SIGN_IDENTITY = "iPhone Developer";
				COPY_PHASE_STRIP = NO;
				DEBUG_INFORMATION_FORMAT = "dwarf-with-dsym";
				ENABLE_NS_ASSERTIONS = NO;
				ENABLE_STRICT_OBJC_MSGSEND = YES;
				GCC_C_LANGUAGE_STANDARD = gnu11;
				GCC_NO_COMMON_BLOCKS = YES;
				GCC_WARN_64_TO_32_BIT_CONVERSION = YES;
				GCC_WARN_ABOUT_RETURN_TYPE = YES_ERROR;
				GCC_WARN_UNDECLARED_SELECTOR = YES;
				GCC_WARN_UNINITIALIZED_AUTOS = YES_AGGRESSIVE;
				GCC_WARN_UNUSED_FUNCTION = YES;
				GCC_WARN_UNUSED_VARIABLE = YES;
				IPHONEOS_DEPLOYMENT_TARGET = 12.2;
				MTL_ENABLE_DEBUG_INFO = NO;
				MTL_FAST_MATH = YES;
				SDKROOT = iphoneos;
				SWIFT_COMPILATION_MODE = wholemodule;
				SWIFT_OPTIMIZATION_LEVEL = "-O";
				VALIDATE_PRODUCT = YES;
			};
			name = Release;
		};
		AB7C82522271906200F781EA /* Debug */ = {
			isa = XCBuildConfiguration;
			buildSettings = {
				ASSETCATALOG_COMPILER_APPICON_NAME = AppIcon;
				CODE_SIGN_STYLE = Automatic;
				INFOPLIST_FILE = ScrollViewPrac2/Info.plist;
				LD_RUNPATH_SEARCH_PATHS = (
					"$(inherited)",
					"@executable_path/Frameworks",
				);
				PRODUCT_BUNDLE_IDENTIFIER = ko.ScrollViewPrac2;
				PRODUCT_NAME = "$(TARGET_NAME)";
				SWIFT_VERSION = 5.0;
				TARGETED_DEVICE_FAMILY = "1,2";
			};
			name = Debug;
		};
		AB7C82532271906200F781EA /* Release */ = {
			isa = XCBuildConfiguration;
			buildSettings = {
				ASSETCATALOG_COMPILER_APPICON_NAME = AppIcon;
				CODE_SIGN_STYLE = Automatic;
				INFOPLIST_FILE = ScrollViewPrac2/Info.plist;
				LD_RUNPATH_SEARCH_PATHS = (
					"$(inherited)",
					"@executable_path/Frameworks",
				);
				PRODUCT_BUNDLE_IDENTIFIER = ko.ScrollViewPrac2;
				PRODUCT_NAME = "$(TARGET_NAME)";
				SWIFT_VERSION = 5.0;
				TARGETED_DEVICE_FAMILY = "1,2";
			};
			name = Release;
		};
		AB7C82552271906200F781EA /* Debug */ = {
			isa = XCBuildConfiguration;
			buildSettings = {
				ALWAYS_EMBED_SWIFT_STANDARD_LIBRARIES = YES;
				BUNDLE_LOADER = "$(TEST_HOST)";
				CODE_SIGN_STYLE = Automatic;
				INFOPLIST_FILE = ScrollViewPrac2Tests/Info.plist;
				LD_RUNPATH_SEARCH_PATHS = (
					"$(inherited)",
					"@executable_path/Frameworks",
					"@loader_path/Frameworks",
				);
				PRODUCT_BUNDLE_IDENTIFIER = ko.ScrollViewPrac2Tests;
				PRODUCT_NAME = "$(TARGET_NAME)";
				SWIFT_VERSION = 5.0;
				TARGETED_DEVICE_FAMILY = "1,2";
				TEST_HOST = "$(BUILT_PRODUCTS_DIR)/ScrollViewPrac2.app/ScrollViewPrac2";
			};
			name = Debug;
		};
		AB7C82562271906200F781EA /* Release */ = {
			isa = XCBuildConfiguration;
			buildSettings = {
				ALWAYS_EMBED_SWIFT_STANDARD_LIBRARIES = YES;
				BUNDLE_LOADER = "$(TEST_HOST)";
				CODE_SIGN_STYLE = Automatic;
				INFOPLIST_FILE = ScrollViewPrac2Tests/Info.plist;
				LD_RUNPATH_SEARCH_PATHS = (
					"$(inherited)",
					"@executable_path/Frameworks",
					"@loader_path/Frameworks",
				);
				PRODUCT_BUNDLE_IDENTIFIER = ko.ScrollViewPrac2Tests;
				PRODUCT_NAME = "$(TARGET_NAME)";
				SWIFT_VERSION = 5.0;
				TARGETED_DEVICE_FAMILY = "1,2";
				TEST_HOST = "$(BUILT_PRODUCTS_DIR)/ScrollViewPrac2.app/ScrollViewPrac2";
			};
			name = Release;
		};
/* End XCBuildConfiguration section */

/* Begin XCConfigurationList section */
		AB7C822F2271906100F781EA /* Build configuration list for PBXProject "ScrollViewPrac2" */ = {
			isa = XCConfigurationList;
			buildConfigurations = (
				AB7C824F2271906200F781EA /* Debug */,
				AB7C82502271906200F781EA /* Release */,
			);
			defaultConfigurationIsVisible = 0;
			defaultConfigurationName = Release;
		};
		AB7C82512271906200F781EA /* Build configuration list for PBXNativeTarget "ScrollViewPrac2" */ = {
			isa = XCConfigurationList;
			buildConfigurations = (
				AB7C82522271906200F781EA /* Debug */,
				AB7C82532271906200F781EA /* Release */,
			);
			defaultConfigurationIsVisible = 0;
			defaultConfigurationName = Release;
		};
		AB7C82542271906200F781EA /* Build configuration list for PBXNativeTarget "ScrollViewPrac2Tests" */ = {
			isa = XCConfigurationList;
			buildConfigurations = (
				AB7C82552271906200F781EA /* Debug */,
				AB7C82562271906200F781EA /* Release */,
			);
			defaultConfigurationIsVisible = 0;
			defaultConfigurationName = Release;
		};
/* End XCConfigurationList section */
	};
	rootObject = AB7C822C2271906100F781EA /* Project object */;
}
