// !$*UTF8*$!
{
	archiveVersion = 1;
	classes = {
	};
	objectVersion = 50;
	objects = {

/* Begin PBXBuildFile section */
		5213DA3422A987C1007A7E54 /* AppDelegate.swift in Sources */ = {isa = PBXBuildFile; fileRef = 5213DA3322A987C1007A7E54 /* AppDelegate.swift */; };
		5213DA3622A987C1007A7E54 /* ViewController.swift in Sources */ = {isa = PBXBuildFile; fileRef = 5213DA3522A987C1007A7E54 /* ViewController.swift */; };
		5213DA3922A987C1007A7E54 /* Main.storyboard in Resources */ = {isa = PBXBuildFile; fileRef = 5213DA3722A987C1007A7E54 /* Main.storyboard */; };
		5213DA3B22A987C3007A7E54 /* Assets.xcassets in Resources */ = {isa = PBXBuildFile; fileRef = 5213DA3A22A987C3007A7E54 /* Assets.xcassets */; };
		5213DA3E22A987C3007A7E54 /* LaunchScreen.storyboard in Resources */ = {isa = PBXBuildFile; fileRef = 5213DA3C22A987C3007A7E54 /* LaunchScreen.storyboard */; };
		5213DA4822A9A1D2007A7E54 /* ITunes.swift in Sources */ = {isa = PBXBuildFile; fileRef = 5213DA4722A9A1D2007A7E54 /* ITunes.swift */; };
		63B9AC2A5EE81F6C0288D3C8 /* Pods_AlamofireExample.framework in Frameworks */ = {isa = PBXBuildFile; fileRef = 5F8D8AB0864722069EF8E804 /* Pods_AlamofireExample.framework */; };
/* End PBXBuildFile section */

/* Begin PBXFileReference section */
		5213DA3022A987C1007A7E54 /* AlamofireExample.app */ = {isa = PBXFileReference; explicitFileType = wrapper.application; includeInIndex = 0; path = AlamofireExample.app; sourceTree = BUILT_PRODUCTS_DIR; };
		5213DA3322A987C1007A7E54 /* AppDelegate.swift */ = {isa = PBXFileReference; lastKnownFileType = sourcecode.swift; path = AppDelegate.swift; sourceTree = "<group>"; };
		5213DA3522A987C1007A7E54 /* ViewController.swift */ = {isa = PBXFileReference; lastKnownFileType = sourcecode.swift; path = ViewController.swift; sourceTree = "<group>"; };
		5213DA3822A987C1007A7E54 /* Base */ = {isa = PBXFileReference; lastKnownFileType = file.storyboard; name = Base; path = Base.lproj/Main.storyboard; sourceTree = "<group>"; };
		5213DA3A22A987C3007A7E54 /* Assets.xcassets */ = {isa = PBXFileReference; lastKnownFileType = folder.assetcatalog; path = Assets.xcassets; sourceTree = "<group>"; };
		5213DA3D22A987C3007A7E54 /* Base */ = {isa = PBXFileReference; lastKnownFileType = file.storyboard; name = Base; path = Base.lproj/LaunchScreen.storyboard; sourceTree = "<group>"; };
		5213DA3F22A987C3007A7E54 /* Info.plist */ = {isa = PBXFileReference; lastKnownFileType = text.plist.xml; path = Info.plist; sourceTree = "<group>"; };
		5213DA4722A9A1D2007A7E54 /* ITunes.swift */ = {isa = PBXFileReference; lastKnownFileType = sourcecode.swift; path = ITunes.swift; sourceTree = "<group>"; };
		5F8D8AB0864722069EF8E804 /* Pods_AlamofireExample.framework */ = {isa = PBXFileReference; explicitFileType = wrapper.framework; includeInIndex = 0; path = Pods_AlamofireExample.framework; sourceTree = BUILT_PRODUCTS_DIR; };
		9A42382A449A31E1F7D2ADA5 /* Pods-AlamofireExample.debug.xcconfig */ = {isa = PBXFileReference; includeInIndex = 1; lastKnownFileType = text.xcconfig; name = "Pods-AlamofireExample.debug.xcconfig"; path = "Pods/Target Support Files/Pods-AlamofireExample/Pods-AlamofireExample.debug.xcconfig"; sourceTree = "<group>"; };
		D23BB371AEC3EFB30F956875 /* Pods-AlamofireExample.release.xcconfig */ = {isa = PBXFileReference; includeInIndex = 1; lastKnownFileType = text.xcconfig; name = "Pods-AlamofireExample.release.xcconfig"; path = "Pods/Target Support Files/Pods-AlamofireExample/Pods-AlamofireExample.release.xcconfig"; sourceTree = "<group>"; };
/* End PBXFileReference section */

/* Begin PBXFrameworksBuildPhase section */
		5213DA2D22A987C1007A7E54 /* Frameworks */ = {
			isa = PBXFrameworksBuildPhase;
			buildActionMask = 2147483647;
			files = (
				63B9AC2A5EE81F6C0288D3C8 /* Pods_AlamofireExample.framework in Frameworks */,
			);
			runOnlyForDeploymentPostprocessing = 0;
		};
/* End PBXFrameworksBuildPhase section */

/* Begin PBXGroup section */
		0123E8853A6F5906999F153C /* Frameworks */ = {
			isa = PBXGroup;
			children = (
				5F8D8AB0864722069EF8E804 /* Pods_AlamofireExample.framework */,
			);
			name = Frameworks;
			sourceTree = "<group>";
		};
		07287BE485C2036EE3DCF75E /* Pods */ = {
			isa = PBXGroup;
			children = (
				9A42382A449A31E1F7D2ADA5 /* Pods-AlamofireExample.debug.xcconfig */,
				D23BB371AEC3EFB30F956875 /* Pods-AlamofireExample.release.xcconfig */,
			);
			name = Pods;
			sourceTree = "<group>";
		};
		5213DA2722A987C1007A7E54 = {
			isa = PBXGroup;
			children = (
				5213DA3222A987C1007A7E54 /* AlamofireExample */,
				5213DA3122A987C1007A7E54 /* Products */,
				07287BE485C2036EE3DCF75E /* Pods */,
				0123E8853A6F5906999F153C /* Frameworks */,
			);
			sourceTree = "<group>";
		};
		5213DA3122A987C1007A7E54 /* Products */ = {
			isa = PBXGroup;
			children = (
				5213DA3022A987C1007A7E54 /* AlamofireExample.app */,
			);
			name = Products;
			sourceTree = "<group>";
		};
		5213DA3222A987C1007A7E54 /* AlamofireExample */ = {
			isa = PBXGroup;
			children = (
				5213DA3322A987C1007A7E54 /* AppDelegate.swift */,
				5213DA3522A987C1007A7E54 /* ViewController.swift */,
				5213DA4722A9A1D2007A7E54 /* ITunes.swift */,
				5213DA3722A987C1007A7E54 /* Main.storyboard */,
				5213DA3A22A987C3007A7E54 /* Assets.xcassets */,
				5213DA3C22A987C3007A7E54 /* LaunchScreen.storyboard */,
				5213DA3F22A987C3007A7E54 /* Info.plist */,
			);
			path = AlamofireExample;
			sourceTree = "<group>";
		};
/* End PBXGroup section */

/* Begin PBXNativeTarget section */
		5213DA2F22A987C1007A7E54 /* AlamofireExample */ = {
			isa = PBXNativeTarget;
			buildConfigurationList = 5213DA4222A987C3007A7E54 /* Build configuration list for PBXNativeTarget "AlamofireExample" */;
			buildPhases = (
				7E7022199D8C6DA4F9032734 /* [CP] Check Pods Manifest.lock */,
				5213DA2C22A987C1007A7E54 /* Sources */,
				5213DA2D22A987C1007A7E54 /* Frameworks */,
				5213DA2E22A987C1007A7E54 /* Resources */,
				421DBB0FA5F0B68E2C1FDFED /* [CP] Embed Pods Frameworks */,
			);
			buildRules = (
			);
			dependencies = (
			);
			name = AlamofireExample;
			productName = AlamofireExample;
			productReference = 5213DA3022A987C1007A7E54 /* AlamofireExample.app */;
			productType = "com.apple.product-type.application";
		};
/* End PBXNativeTarget section */

/* Begin PBXProject section */
		5213DA2822A987C1007A7E54 /* Project object */ = {
			isa = PBXProject;
			attributes = {
				LastSwiftUpdateCheck = 1020;
				LastUpgradeCheck = 1020;
				ORGANIZATIONNAME = giftbot;
				TargetAttributes = {
					5213DA2F22A987C1007A7E54 = {
						CreatedOnToolsVersion = 10.2.1;
					};
				};
			};
			buildConfigurationList = 5213DA2B22A987C1007A7E54 /* Build configuration list for PBXProject "AlamofireExample" */;
			compatibilityVersion = "Xcode 9.3";
			developmentRegion = en;
			hasScannedForEncodings = 0;
			knownRegions = (
				en,
				Base,
			);
			mainGroup = 5213DA2722A987C1007A7E54;
			productRefGroup = 5213DA3122A987C1007A7E54 /* Products */;
			projectDirPath = "";
			projectRoot = "";
			targets = (
				5213DA2F22A987C1007A7E54 /* AlamofireExample */,
			);
		};
/* End PBXProject section */

/* Begin PBXResourcesBuildPhase section */
		5213DA2E22A987C1007A7E54 /* Resources */ = {
			isa = PBXResourcesBuildPhase;
			buildActionMask = 2147483647;
			files = (
				5213DA3E22A987C3007A7E54 /* LaunchScreen.storyboard in Resources */,
				5213DA3B22A987C3007A7E54 /* Assets.xcassets in Resources */,
				5213DA3922A987C1007A7E54 /* Main.storyboard in Resources */,
			);
			runOnlyForDeploymentPostprocessing = 0;
		};
/* End PBXResourcesBuildPhase section */

/* Begin PBXShellScriptBuildPhase section */
		421DBB0FA5F0B68E2C1FDFED /* [CP] Embed Pods Frameworks */ = {
			isa = PBXShellScriptBuildPhase;
			buildActionMask = 2147483647;
			files = (
			);
			inputFileListPaths = (
			);
			inputPaths = (
				"${SRCROOT}/Pods/Target Support Files/Pods-AlamofireExample/Pods-AlamofireExample-frameworks.sh",
				"${BUILT_PRODUCTS_DIR}/Alamofire/Alamofire.framework",
			);
			name = "[CP] Embed Pods Frameworks";
			outputFileListPaths = (
			);
			outputPaths = (
				"${TARGET_BUILD_DIR}/${FRAMEWORKS_FOLDER_PATH}/Alamofire.framework",
			);
			runOnlyForDeploymentPostprocessing = 0;
			shellPath = /bin/sh;
			shellScript = "\"${SRCROOT}/Pods/Target Support Files/Pods-AlamofireExample/Pods-AlamofireExample-frameworks.sh\"\n";
			showEnvVarsInLog = 0;
		};
		7E7022199D8C6DA4F9032734 /* [CP] Check Pods Manifest.lock */ = {
			isa = PBXShellScriptBuildPhase;
			buildActionMask = 2147483647;
			files = (
			);
			inputFileListPaths = (
			);
			inputPaths = (
				"${PODS_PODFILE_DIR_PATH}/Podfile.lock",
				"${PODS_ROOT}/Manifest.lock",
			);
			name = "[CP] Check Pods Manifest.lock";
			outputFileListPaths = (
			);
			outputPaths = (
				"$(DERIVED_FILE_DIR)/Pods-AlamofireExample-checkManifestLockResult.txt",
			);
			runOnlyForDeploymentPostprocessing = 0;
			shellPath = /bin/sh;
			shellScript = "diff \"${PODS_PODFILE_DIR_PATH}/Podfile.lock\" \"${PODS_ROOT}/Manifest.lock\" > /dev/null\nif [ $? != 0 ] ; then\n    # print error to STDERR\n    echo \"error: The sandbox is not in sync with the Podfile.lock. Run 'pod install' or update your CocoaPods installation.\" >&2\n    exit 1\nfi\n# This output is used by Xcode 'outputs' to avoid re-running this script phase.\necho \"SUCCESS\" > \"${SCRIPT_OUTPUT_FILE_0}\"\n";
			showEnvVarsInLog = 0;
		};
/* End PBXShellScriptBuildPhase section */

/* Begin PBXSourcesBuildPhase section */
		5213DA2C22A987C1007A7E54 /* Sources */ = {
			isa = PBXSourcesBuildPhase;
			buildActionMask = 2147483647;
			files = (
				5213DA3622A987C1007A7E54 /* ViewController.swift in Sources */,
				5213DA4822A9A1D2007A7E54 /* ITunes.swift in Sources */,
				5213DA3422A987C1007A7E54 /* AppDelegate.swift in Sources */,
			);
			runOnlyForDeploymentPostprocessing = 0;
		};
/* End PBXSourcesBuildPhase section */

/* Begin PBXVariantGroup section */
		5213DA3722A987C1007A7E54 /* Main.storyboard */ = {
			isa = PBXVariantGroup;
			children = (
				5213DA3822A987C1007A7E54 /* Base */,
			);
			name = Main.storyboard;
			sourceTree = "<group>";
		};
		5213DA3C22A987C3007A7E54 /* LaunchScreen.storyboard */ = {
			isa = PBXVariantGroup;
			children = (
				5213DA3D22A987C3007A7E54 /* Base */,
			);
			name = LaunchScreen.storyboard;
			sourceTree = "<group>";
		};
/* End PBXVariantGroup section */

/* Begin XCBuildConfiguration section */
		5213DA4022A987C3007A7E54 /* Debug */ = {
			isa = XCBuildConfiguration;
			buildSettings = {
				ALWAYS_SEARCH_USER_PATHS = NO;
				CLANG_ANALYZER_NONNULL = YES;
				CLANG_ANALYZER_NUMBER_OBJECT_CONVERSION = YES_AGGRESSIVE;
				CLANG_CXX_LANGUAGE_STANDARD = "gnu++14";
				CLANG_CXX_LIBRARY = "libc++";
				CLANG_ENABLE_MODULES = YES;
				CLANG_ENABLE_OBJC_ARC = YES;
				CLANG_ENABLE_OBJC_WEAK = YES;
				CLANG_WARN_BLOCK_CAPTURE_AUTORELEASING = YES;
				CLANG_WARN_BOOL_CONVERSION = YES;
				CLANG_WARN_COMMA = YES;
				CLANG_WARN_CONSTANT_CONVERSION = YES;
				CLANG_WARN_DEPRECATED_OBJC_IMPLEMENTATIONS = YES;
				CLANG_WARN_DIRECT_OBJC_ISA_USAGE = YES_ERROR;
				CLANG_WARN_DOCUMENTATION_COMMENTS = YES;
				CLANG_WARN_EMPTY_BODY = YES;
				CLANG_WARN_ENUM_CONVERSION = YES;
				CLANG_WARN_INFINITE_RECURSION = YES;
				CLANG_WARN_INT_CONVERSION = YES;
				CLANG_WARN_NON_LITERAL_NULL_CONVERSION = YES;
				CLANG_WARN_OBJC_IMPLICIT_RETAIN_SELF = YES;
				CLANG_WARN_OBJC_LITERAL_CONVERSION = YES;
				CLANG_WARN_OBJC_ROOT_CLASS = YES_ERROR;
				CLANG_WARN_RANGE_LOOP_ANALYSIS = YES;
				CLANG_WARN_STRICT_PROTOTYPES = YES;
				CLANG_WARN_SUSPICIOUS_MOVE = YES;
				CLANG_WARN_UNGUARDED_AVAILABILITY = YES_AGGRESSIVE;
				CLANG_WARN_UNREACHABLE_CODE = YES;
				CLANG_WARN__DUPLICATE_METHOD_MATCH = YES;
				CODE_SIGN_IDENTITY = "iPhone Developer";
				COPY_PHASE_STRIP = NO;
				DEBUG_INFORMATION_FORMAT = dwarf;
				ENABLE_STRICT_OBJC_MSGSEND = YES;
				ENABLE_TESTABILITY = YES;
				GCC_C_LANGUAGE_STANDARD = gnu11;
				GCC_DYNAMIC_NO_PIC = NO;
				GCC_NO_COMMON_BLOCKS = YES;
				GCC_OPTIMIZATION_LEVEL = 0;
				GCC_PREPROCESSOR_DEFINITIONS = (
					"DEBUG=1",
					"$(inherited)",
				);
				GCC_WARN_64_TO_32_BIT_CONVERSION = YES;
				GCC_WARN_ABOUT_RETURN_TYPE = YES_ERROR;
				GCC_WARN_UNDECLARED_SELECTOR = YES;
				GCC_WARN_UNINITIALIZED_AUTOS = YES_AGGRESSIVE;
				GCC_WARN_UNUSED_FUNCTION = YES;
				GCC_WARN_UNUSED_VARIABLE = YES;
				IPHONEOS_DEPLOYMENT_TARGET = 12.2;
				MTL_ENABLE_DEBUG_INFO = INCLUDE_SOURCE;
				MTL_FAST_MATH = YES;
				ONLY_ACTIVE_ARCH = YES;
				SDKROOT = iphoneos;
				SWIFT_ACTIVE_COMPILATION_CONDITIONS = DEBUG;
				SWIFT_OPTIMIZATION_LEVEL = "-Onone";
			};
			name = Debug;
		};
		5213DA4122A987C3007A7E54 /* Release */ = {
			isa = XCBuildConfiguration;
			buildSettings = {
				ALWAYS_SEARCH_USER_PATHS = NO;
				CLANG_ANALYZER_NONNULL = YES;
				CLANG_ANALYZER_NUMBER_OBJECT_CONVERSION = YES_AGGRESSIVE;
				CLANG_CXX_LANGUAGE_STANDARD = "gnu++14";
				CLANG_CXX_LIBRARY = "libc++";
				CLANG_ENABLE_MODULES = YES;
				CLANG_ENABLE_OBJC_ARC = YES;
				CLANG_ENABLE_OBJC_WEAK = YES;
				CLANG_WARN_BLOCK_CAPTURE_AUTORELEASING = YES;
				CLANG_WARN_BOOL_CONVERSION = YES;
				CLANG_WARN_COMMA = YES;
				CLANG_WARN_CONSTANT_CONVERSION = YES;
				CLANG_WARN_DEPRECATED_OBJC_IMPLEMENTATIONS = YES;
				CLANG_WARN_DIRECT_OBJC_ISA_USAGE = YES_ERROR;
				CLANG_WARN_DOCUMENTATION_COMMENTS = YES;
				CLANG_WARN_EMPTY_BODY = YES;
				CLANG_WARN_ENUM_CONVERSION = YES;
				CLANG_WARN_INFINITE_RECURSION = YES;
				CLANG_WARN_INT_CONVERSION = YES;
				CLANG_WARN_NON_LITERAL_NULL_CONVERSION = YES;
				CLANG_WARN_OBJC_IMPLICIT_RETAIN_SELF = YES;
				CLANG_WARN_OBJC_LITERAL_CONVERSION = YES;
				CLANG_WARN_OBJC_ROOT_CLASS = YES_ERROR;
				CLANG_WARN_RANGE_LOOP_ANALYSIS = YES;
				CLANG_WARN_STRICT_PROTOTYPES = YES;
				CLANG_WARN_SUSPICIOUS_MOVE = YES;
				CLANG_WARN_UNGUARDED_AVAILABILITY = YES_AGGRESSIVE;
				CLANG_WARN_UNREACHABLE_CODE = YES;
				CLANG_WARN__DUPLICATE_METHOD_MATCH = YES;
				CODE_SIGN_IDENTITY = "iPhone Developer";
				COPY_PHASE_STRIP = NO;
				DEBUG_INFORMATION_FORMAT = "dwarf-with-dsym";
				ENABLE_NS_ASSERTIONS = NO;
				ENABLE_STRICT_OBJC_MSGSEND = YES;
				GCC_C_LANGUAGE_STANDARD = gnu11;
				GCC_NO_COMMON_BLOCKS = YES;
				GCC_WARN_64_TO_32_BIT_CONVERSION = YES;
				GCC_WARN_ABOUT_RETURN_TYPE = YES_ERROR;
				GCC_WARN_UNDECLARED_SELECTOR = YES;
				GCC_WARN_UNINITIALIZED_AUTOS = YES_AGGRESSIVE;
				GCC_WARN_UNUSED_FUNCTION = YES;
				GCC_WARN_UNUSED_VARIABLE = YES;
				IPHONEOS_DEPLOYMENT_TARGET = 12.2;
				MTL_ENABLE_DEBUG_INFO = NO;
				MTL_FAST_MATH = YES;
				SDKROOT = iphoneos;
				SWIFT_COMPILATION_MODE = wholemodule;
				SWIFT_OPTIMIZATION_LEVEL = "-O";
				VALIDATE_PRODUCT = YES;
			};
			name = Release;
		};
		5213DA4322A987C3007A7E54 /* Debug */ = {
			isa = XCBuildConfiguration;
			baseConfigurationReference = 9A42382A449A31E1F7D2ADA5 /* Pods-AlamofireExample.debug.xcconfig */;
			buildSettings = {
				ASSETCATALOG_COMPILER_APPICON_NAME = AppIcon;
				CODE_SIGN_STYLE = Automatic;
				INFOPLIST_FILE = AlamofireExample/Info.plist;
				LD_RUNPATH_SEARCH_PATHS = (
					"$(inherited)",
					"@executable_path/Frameworks",
				);
				PRODUCT_BUNDLE_IDENTIFIER = kr.giftbot.example;
				PRODUCT_NAME = "$(TARGET_NAME)";
				SWIFT_VERSION = 5.0;
				TARGETED_DEVICE_FAMILY = "1,2";
			};
			name = Debug;
		};
		5213DA4422A987C3007A7E54 /* Release */ = {
			isa = XCBuildConfiguration;
			baseConfigurationReference = D23BB371AEC3EFB30F956875 /* Pods-AlamofireExample.release.xcconfig */;
			buildSettings = {
				ASSETCATALOG_COMPILER_APPICON_NAME = AppIcon;
				CODE_SIGN_STYLE = Automatic;
				INFOPLIST_FILE = AlamofireExample/Info.plist;
				LD_RUNPATH_SEARCH_PATHS = (
					"$(inherited)",
					"@executable_path/Frameworks",
				);
				PRODUCT_BUNDLE_IDENTIFIER = kr.giftbot.example;
				PRODUCT_NAME = "$(TARGET_NAME)";
				SWIFT_VERSION = 5.0;
				TARGETED_DEVICE_FAMILY = "1,2";
			};
			name = Release;
		};
/* End XCBuildConfiguration section */

/* Begin XCConfigurationList section */
		5213DA2B22A987C1007A7E54 /* Build configuration list for PBXProject "AlamofireExample" */ = {
			isa = XCConfigurationList;
			buildConfigurations = (
				5213DA4022A987C3007A7E54 /* Debug */,
				5213DA4122A987C3007A7E54 /* Release */,
			);
			defaultConfigurationIsVisible = 0;
			defaultConfigurationName = Release;
		};
		5213DA4222A987C3007A7E54 /* Build configuration list for PBXNativeTarget "AlamofireExample" */ = {
			isa = XCConfigurationList;
			buildConfigurations = (
				5213DA4322A987C3007A7E54 /* Debug */,
				5213DA4422A987C3007A7E54 /* Release */,
			);
			defaultConfigurationIsVisible = 0;
			defaultConfigurationName = Release;
		};
/* End XCConfigurationList section */
	};
	rootObject = 5213DA2822A987C1007A7E54 /* Project object */;
}
