// !$*UTF8*$!
{
	archiveVersion = 1;
	classes = {
	};
	objectVersion = 50;
	objects = {

/* Begin PBXBuildFile section */
		ABD09E9822927A38003392F2 /* AppDelegate.swift in Sources */ = {isa = PBXBuildFile; fileRef = ABD09E9722927A38003392F2 /* AppDelegate.swift */; };
		ABD09E9D22927A38003392F2 /* Main.storyboard in Resources */ = {isa = PBXBuildFile; fileRef = ABD09E9B22927A38003392F2 /* Main.storyboard */; };
		ABD09E9F22927A39003392F2 /* Assets.xcassets in Resources */ = {isa = PBXBuildFile; fileRef = ABD09E9E22927A39003392F2 /* Assets.xcassets */; };
		ABD09EA222927A39003392F2 /* LaunchScreen.storyboard in Resources */ = {isa = PBXBuildFile; fileRef = ABD09EA022927A39003392F2 /* LaunchScreen.storyboard */; };
		ABD09EAB22927BAD003392F2 /* KakaoOpenSDK.framework in Frameworks */ = {isa = PBXBuildFile; fileRef = ABD09EAA22927BAC003392F2 /* KakaoOpenSDK.framework */; };
		ABD09EB0229285E0003392F2 /* LoginViewController.swift in Sources */ = {isa = PBXBuildFile; fileRef = ABD09EAF229285E0003392F2 /* LoginViewController.swift */; };
		ABD09EB2229285EB003392F2 /* MainViewController.swift in Sources */ = {isa = PBXBuildFile; fileRef = ABD09EB1229285EB003392F2 /* MainViewController.swift */; };
/* End PBXBuildFile section */

/* Begin PBXFileReference section */
		ABD09E9422927A38003392F2 /* kakao.app */ = {isa = PBXFileReference; explicitFileType = wrapper.application; includeInIndex = 0; path = kakao.app; sourceTree = BUILT_PRODUCTS_DIR; };
		ABD09E9722927A38003392F2 /* AppDelegate.swift */ = {isa = PBXFileReference; lastKnownFileType = sourcecode.swift; path = AppDelegate.swift; sourceTree = "<group>"; };
		ABD09E9C22927A38003392F2 /* Base */ = {isa = PBXFileReference; lastKnownFileType = file.storyboard; name = Base; path = Base.lproj/Main.storyboard; sourceTree = "<group>"; };
		ABD09E9E22927A39003392F2 /* Assets.xcassets */ = {isa = PBXFileReference; lastKnownFileType = folder.assetcatalog; path = Assets.xcassets; sourceTree = "<group>"; };
		ABD09EA122927A39003392F2 /* Base */ = {isa = PBXFileReference; lastKnownFileType = file.storyboard; name = Base; path = Base.lproj/LaunchScreen.storyboard; sourceTree = "<group>"; };
		ABD09EA322927A39003392F2 /* Info.plist */ = {isa = PBXFileReference; lastKnownFileType = text.plist.xml; path = Info.plist; sourceTree = "<group>"; };
		ABD09EAA22927BAC003392F2 /* KakaoOpenSDK.framework */ = {isa = PBXFileReference; lastKnownFileType = wrapper.framework; name = KakaoOpenSDK.framework; path = kakao/FrameWork/KakaoOpenSDK.framework; sourceTree = "<group>"; };
		ABD09EAC22927EAA003392F2 /* kakao-Bridging-Header.h */ = {isa = PBXFileReference; lastKnownFileType = sourcecode.c.h; path = "kakao-Bridging-Header.h"; sourceTree = "<group>"; };
		ABD09EAF229285E0003392F2 /* LoginViewController.swift */ = {isa = PBXFileReference; lastKnownFileType = sourcecode.swift; path = LoginViewController.swift; sourceTree = "<group>"; };
		ABD09EB1229285EB003392F2 /* MainViewController.swift */ = {isa = PBXFileReference; lastKnownFileType = sourcecode.swift; path = MainViewController.swift; sourceTree = "<group>"; };
/* End PBXFileReference section */

/* Begin PBXFrameworksBuildPhase section */
		ABD09E9122927A38003392F2 /* Frameworks */ = {
			isa = PBXFrameworksBuildPhase;
			buildActionMask = 2147483647;
			files = (
				ABD09EAB22927BAD003392F2 /* KakaoOpenSDK.framework in Frameworks */,
			);
			runOnlyForDeploymentPostprocessing = 0;
		};
/* End PBXFrameworksBuildPhase section */

/* Begin PBXGroup section */
		ABD09E8B22927A38003392F2 = {
			isa = PBXGroup;
			children = (
				ABD09E9622927A38003392F2 /* kakao */,
				ABD09E9522927A38003392F2 /* Products */,
				ABD09EA922927BAC003392F2 /* Frameworks */,
			);
			sourceTree = "<group>";
		};
		ABD09E9522927A38003392F2 /* Products */ = {
			isa = PBXGroup;
			children = (
				ABD09E9422927A38003392F2 /* kakao.app */,
			);
			name = Products;
			sourceTree = "<group>";
		};
		ABD09E9622927A38003392F2 /* kakao */ = {
			isa = PBXGroup;
			children = (
				ABD09E9722927A38003392F2 /* AppDelegate.swift */,
				ABD09EAF229285E0003392F2 /* LoginViewController.swift */,
				ABD09EB1229285EB003392F2 /* MainViewController.swift */,
				ABD09E9B22927A38003392F2 /* Main.storyboard */,
				ABD09E9E22927A39003392F2 /* Assets.xcassets */,
				ABD09EA022927A39003392F2 /* LaunchScreen.storyboard */,
				ABD09EA322927A39003392F2 /* Info.plist */,
				ABD09EAC22927EAA003392F2 /* kakao-Bridging-Header.h */,
			);
			path = kakao;
			sourceTree = "<group>";
		};
		ABD09EA922927BAC003392F2 /* Frameworks */ = {
			isa = PBXGroup;
			children = (
				ABD09EAA22927BAC003392F2 /* KakaoOpenSDK.framework */,
			);
			name = Frameworks;
			sourceTree = "<group>";
		};
/* End PBXGroup section */

/* Begin PBXNativeTarget section */
		ABD09E9322927A38003392F2 /* kakao */ = {
			isa = PBXNativeTarget;
			buildConfigurationList = ABD09EA622927A39003392F2 /* Build configuration list for PBXNativeTarget "kakao" */;
			buildPhases = (
				ABD09E9022927A38003392F2 /* Sources */,
				ABD09E9122927A38003392F2 /* Frameworks */,
				ABD09E9222927A38003392F2 /* Resources */,
			);
			buildRules = (
			);
			dependencies = (
			);
			name = kakao;
			productName = kakao;
			productReference = ABD09E9422927A38003392F2 /* kakao.app */;
			productType = "com.apple.product-type.application";
		};
/* End PBXNativeTarget section */

/* Begin PBXProject section */
		ABD09E8C22927A38003392F2 /* Project object */ = {
			isa = PBXProject;
			attributes = {
				LastSwiftUpdateCheck = 1020;
				LastUpgradeCheck = 1020;
				ORGANIZATIONNAME = "고정아";
				TargetAttributes = {
					ABD09E9322927A38003392F2 = {
						CreatedOnToolsVersion = 10.2.1;
						LastSwiftMigration = 1020;
					};
				};
			};
			buildConfigurationList = ABD09E8F22927A38003392F2 /* Build configuration list for PBXProject "kakao" */;
			compatibilityVersion = "Xcode 9.3";
			developmentRegion = en;
			hasScannedForEncodings = 0;
			knownRegions = (
				en,
				Base,
			);
			mainGroup = ABD09E8B22927A38003392F2;
			productRefGroup = ABD09E9522927A38003392F2 /* Products */;
			projectDirPath = "";
			projectRoot = "";
			targets = (
				ABD09E9322927A38003392F2 /* kakao */,
			);
		};
/* End PBXProject section */

/* Begin PBXResourcesBuildPhase section */
		ABD09E9222927A38003392F2 /* Resources */ = {
			isa = PBXResourcesBuildPhase;
			buildActionMask = 2147483647;
			files = (
				ABD09EA222927A39003392F2 /* LaunchScreen.storyboard in Resources */,
				ABD09E9F22927A39003392F2 /* Assets.xcassets in Resources */,
				ABD09E9D22927A38003392F2 /* Main.storyboard in Resources */,
			);
			runOnlyForDeploymentPostprocessing = 0;
		};
/* End PBXResourcesBuildPhase section */

/* Begin PBXSourcesBuildPhase section */
		ABD09E9022927A38003392F2 /* Sources */ = {
			isa = PBXSourcesBuildPhase;
			buildActionMask = 2147483647;
			files = (
				ABD09EB2229285EB003392F2 /* MainViewController.swift in Sources */,
				ABD09EB0229285E0003392F2 /* LoginViewController.swift in Sources */,
				ABD09E9822927A38003392F2 /* AppDelegate.swift in Sources */,
			);
			runOnlyForDeploymentPostprocessing = 0;
		};
/* End PBXSourcesBuildPhase section */

/* Begin PBXVariantGroup section */
		ABD09E9B22927A38003392F2 /* Main.storyboard */ = {
			isa = PBXVariantGroup;
			children = (
				ABD09E9C22927A38003392F2 /* Base */,
			);
			name = Main.storyboard;
			sourceTree = "<group>";
		};
		ABD09EA022927A39003392F2 /* LaunchScreen.storyboard */ = {
			isa = PBXVariantGroup;
			children = (
				ABD09EA122927A39003392F2 /* Base */,
			);
			name = LaunchScreen.storyboard;
			sourceTree = "<group>";
		};
/* End PBXVariantGroup section */

/* Begin XCBuildConfiguration section */
		ABD09EA422927A39003392F2 /* Debug */ = {
			isa = XCBuildConfiguration;
			buildSettings = {
				ALWAYS_SEARCH_USER_PATHS = NO;
				CLANG_ANALYZER_NONNULL = YES;
				CLANG_ANALYZER_NUMBER_OBJECT_CONVERSION = YES_AGGRESSIVE;
				CLANG_CXX_LANGUAGE_STANDARD = "gnu++14";
				CLANG_CXX_LIBRARY = "libc++";
				CLANG_ENABLE_MODULES = YES;
				CLANG_ENABLE_OBJC_ARC = YES;
				CLANG_ENABLE_OBJC_WEAK = YES;
				CLANG_WARN_BLOCK_CAPTURE_AUTORELEASING = YES;
				CLANG_WARN_BOOL_CONVERSION = YES;
				CLANG_WARN_COMMA = YES;
				CLANG_WARN_CONSTANT_CONVERSION = YES;
				CLANG_WARN_DEPRECATED_OBJC_IMPLEMENTATIONS = YES;
				CLANG_WARN_DIRECT_OBJC_ISA_USAGE = YES_ERROR;
				CLANG_WARN_DOCUMENTATION_COMMENTS = YES;
				CLANG_WARN_EMPTY_BODY = YES;
				CLANG_WARN_ENUM_CONVERSION = YES;
				CLANG_WARN_INFINITE_RECURSION = YES;
				CLANG_WARN_INT_CONVERSION = YES;
				CLANG_WARN_NON_LITERAL_NULL_CONVERSION = YES;
				CLANG_WARN_OBJC_IMPLICIT_RETAIN_SELF = YES;
				CLANG_WARN_OBJC_LITERAL_CONVERSION = YES;
				CLANG_WARN_OBJC_ROOT_CLASS = YES_ERROR;
				CLANG_WARN_RANGE_LOOP_ANALYSIS = YES;
				CLANG_WARN_STRICT_PROTOTYPES = YES;
				CLANG_WARN_SUSPICIOUS_MOVE = YES;
				CLANG_WARN_UNGUARDED_AVAILABILITY = YES_AGGRESSIVE;
				CLANG_WARN_UNREACHABLE_CODE = YES;
				CLANG_WARN__DUPLICATE_METHOD_MATCH = YES;
				CODE_SIGN_IDENTITY = "iPhone Developer";
				COPY_PHASE_STRIP = NO;
				DEBUG_INFORMATION_FORMAT = dwarf;
				ENABLE_STRICT_OBJC_MSGSEND = YES;
				ENABLE_TESTABILITY = YES;
				GCC_C_LANGUAGE_STANDARD = gnu11;
				GCC_DYNAMIC_NO_PIC = NO;
				GCC_NO_COMMON_BLOCKS = YES;
				GCC_OPTIMIZATION_LEVEL = 0;
				GCC_PREPROCESSOR_DEFINITIONS = (
					"DEBUG=1",
					"$(inherited)",
				);
				GCC_WARN_64_TO_32_BIT_CONVERSION = YES;
				GCC_WARN_ABOUT_RETURN_TYPE = YES_ERROR;
				GCC_WARN_UNDECLARED_SELECTOR = YES;
				GCC_WARN_UNINITIALIZED_AUTOS = YES_AGGRESSIVE;
				GCC_WARN_UNUSED_FUNCTION = YES;
				GCC_WARN_UNUSED_VARIABLE = YES;
				IPHONEOS_DEPLOYMENT_TARGET = 12.2;
				MTL_ENABLE_DEBUG_INFO = INCLUDE_SOURCE;
				MTL_FAST_MATH = YES;
				ONLY_ACTIVE_ARCH = YES;
				SDKROOT = iphoneos;
				SWIFT_ACTIVE_COMPILATION_CONDITIONS = DEBUG;
				SWIFT_OPTIMIZATION_LEVEL = "-Onone";
			};
			name = Debug;
		};
		ABD09EA522927A39003392F2 /* Release */ = {
			isa = XCBuildConfiguration;
			buildSettings = {
				ALWAYS_SEARCH_USER_PATHS = NO;
				CLANG_ANALYZER_NONNULL = YES;
				CLANG_ANALYZER_NUMBER_OBJECT_CONVERSION = YES_AGGRESSIVE;
				CLANG_CXX_LANGUAGE_STANDARD = "gnu++14";
				CLANG_CXX_LIBRARY = "libc++";
				CLANG_ENABLE_MODULES = YES;
				CLANG_ENABLE_OBJC_ARC = YES;
				CLANG_ENABLE_OBJC_WEAK = YES;
				CLANG_WARN_BLOCK_CAPTURE_AUTORELEASING = YES;
				CLANG_WARN_BOOL_CONVERSION = YES;
				CLANG_WARN_COMMA = YES;
				CLANG_WARN_CONSTANT_CONVERSION = YES;
				CLANG_WARN_DEPRECATED_OBJC_IMPLEMENTATIONS = YES;
				CLANG_WARN_DIRECT_OBJC_ISA_USAGE = YES_ERROR;
				CLANG_WARN_DOCUMENTATION_COMMENTS = YES;
				CLANG_WARN_EMPTY_BODY = YES;
				CLANG_WARN_ENUM_CONVERSION = YES;
				CLANG_WARN_INFINITE_RECURSION = YES;
				CLANG_WARN_INT_CONVERSION = YES;
				CLANG_WARN_NON_LITERAL_NULL_CONVERSION = YES;
				CLANG_WARN_OBJC_IMPLICIT_RETAIN_SELF = YES;
				CLANG_WARN_OBJC_LITERAL_CONVERSION = YES;
				CLANG_WARN_OBJC_ROOT_CLASS = YES_ERROR;
				CLANG_WARN_RANGE_LOOP_ANALYSIS = YES;
				CLANG_WARN_STRICT_PROTOTYPES = YES;
				CLANG_WARN_SUSPICIOUS_MOVE = YES;
				CLANG_WARN_UNGUARDED_AVAILABILITY = YES_AGGRESSIVE;
				CLANG_WARN_UNREACHABLE_CODE = YES;
				CLANG_WARN__DUPLICATE_METHOD_MATCH = YES;
				CODE_SIGN_IDENTITY = "iPhone Developer";
				COPY_PHASE_STRIP = NO;
				DEBUG_INFORMATION_FORMAT = "dwarf-with-dsym";
				ENABLE_NS_ASSERTIONS = NO;
				ENABLE_STRICT_OBJC_MSGSEND = YES;
				GCC_C_LANGUAGE_STANDARD = gnu11;
				GCC_NO_COMMON_BLOCKS = YES;
				GCC_WARN_64_TO_32_BIT_CONVERSION = YES;
				GCC_WARN_ABOUT_RETURN_TYPE = YES_ERROR;
				GCC_WARN_UNDECLARED_SELECTOR = YES;
				GCC_WARN_UNINITIALIZED_AUTOS = YES_AGGRESSIVE;
				GCC_WARN_UNUSED_FUNCTION = YES;
				GCC_WARN_UNUSED_VARIABLE = YES;
				IPHONEOS_DEPLOYMENT_TARGET = 12.2;
				MTL_ENABLE_DEBUG_INFO = NO;
				MTL_FAST_MATH = YES;
				SDKROOT = iphoneos;
				SWIFT_COMPILATION_MODE = wholemodule;
				SWIFT_OPTIMIZATION_LEVEL = "-O";
				VALIDATE_PRODUCT = YES;
			};
			name = Release;
		};
		ABD09EA722927A39003392F2 /* Debug */ = {
			isa = XCBuildConfiguration;
			buildSettings = {
				ASSETCATALOG_COMPILER_APPICON_NAME = AppIcon;
				CLANG_ENABLE_MODULES = YES;
				CODE_SIGN_STYLE = Automatic;
				DEVELOPMENT_TEAM = P426AJ4XTG;
				FRAMEWORK_SEARCH_PATHS = (
					"$(inherited)",
					"$(PROJECT_DIR)/kakao/FrameWork",
				);
				INFOPLIST_FILE = kakao/Info.plist;
				LD_RUNPATH_SEARCH_PATHS = (
					"$(inherited)",
					"@executable_path/Frameworks",
				);
				OTHER_LDFLAGS = "-all_load";
				PRODUCT_BUNDLE_IDENTIFIER = ko.MyApp;
				PRODUCT_NAME = "$(TARGET_NAME)";
				SWIFT_OBJC_BRIDGING_HEADER = "kakao/kakao-Bridging-Header.h";
				SWIFT_OPTIMIZATION_LEVEL = "-Onone";
				SWIFT_VERSION = 5.0;
				TARGETED_DEVICE_FAMILY = "1,2";
			};
			name = Debug;
		};
		ABD09EA822927A39003392F2 /* Release */ = {
			isa = XCBuildConfiguration;
			buildSettings = {
				ASSETCATALOG_COMPILER_APPICON_NAME = AppIcon;
				CLANG_ENABLE_MODULES = YES;
				CODE_SIGN_STYLE = Automatic;
				DEVELOPMENT_TEAM = P426AJ4XTG;
				FRAMEWORK_SEARCH_PATHS = (
					"$(inherited)",
					"$(PROJECT_DIR)/kakao/FrameWork",
				);
				INFOPLIST_FILE = kakao/Info.plist;
				LD_RUNPATH_SEARCH_PATHS = (
					"$(inherited)",
					"@executable_path/Frameworks",
				);
				OTHER_LDFLAGS = "-all_load";
				PRODUCT_BUNDLE_IDENTIFIER = ko.MyApp;
				PRODUCT_NAME = "$(TARGET_NAME)";
				SWIFT_OBJC_BRIDGING_HEADER = "kakao/kakao-Bridging-Header.h";
				SWIFT_VERSION = 5.0;
				TARGETED_DEVICE_FAMILY = "1,2";
			};
			name = Release;
		};
/* End XCBuildConfiguration section */

/* Begin XCConfigurationList section */
		ABD09E8F22927A38003392F2 /* Build configuration list for PBXProject "kakao" */ = {
			isa = XCConfigurationList;
			buildConfigurations = (
				ABD09EA422927A39003392F2 /* Debug */,
				ABD09EA522927A39003392F2 /* Release */,
			);
			defaultConfigurationIsVisible = 0;
			defaultConfigurationName = Release;
		};
		ABD09EA622927A39003392F2 /* Build configuration list for PBXNativeTarget "kakao" */ = {
			isa = XCConfigurationList;
			buildConfigurations = (
				ABD09EA722927A39003392F2 /* Debug */,
				ABD09EA822927A39003392F2 /* Release */,
			);
			defaultConfigurationIsVisible = 0;
			defaultConfigurationName = Release;
		};
/* End XCConfigurationList section */
	};
	rootObject = ABD09E8C22927A38003392F2 /* Project object */;
}
