// !$*UTF8*$!
{
	archiveVersion = 1;
	classes = {
	};
	objectVersion = 50;
	objects = {

/* Begin PBXBuildFile section */
		ABD9F10422A1039E002B7983 /* AppDelegate.swift in Sources */ = {isa = PBXBuildFile; fileRef = ABD9F10322A1039E002B7983 /* AppDelegate.swift */; };
		ABD9F10622A1039E002B7983 /* ViewController.swift in Sources */ = {isa = PBXBuildFile; fileRef = ABD9F10522A1039E002B7983 /* ViewController.swift */; };
		ABD9F10922A1039E002B7983 /* Main.storyboard in Resources */ = {isa = PBXBuildFile; fileRef = ABD9F10722A1039E002B7983 /* Main.storyboard */; };
		ABD9F10B22A1039F002B7983 /* Assets.xcassets in Resources */ = {isa = PBXBuildFile; fileRef = ABD9F10A22A1039F002B7983 /* Assets.xcassets */; };
		ABD9F10E22A1039F002B7983 /* LaunchScreen.storyboard in Resources */ = {isa = PBXBuildFile; fileRef = ABD9F10C22A1039F002B7983 /* LaunchScreen.storyboard */; };
		ABD9F11722A109B1002B7983 /* DynamicColor.framework in Frameworks */ = {isa = PBXBuildFile; fileRef = ABD9F11622A109B1002B7983 /* DynamicColor.framework */; };
/* End PBXBuildFile section */

/* Begin PBXFileReference section */
		ABD9F10022A1039E002B7983 /* Carthage.app */ = {isa = PBXFileReference; explicitFileType = wrapper.application; includeInIndex = 0; path = Carthage.app; sourceTree = BUILT_PRODUCTS_DIR; };
		ABD9F10322A1039E002B7983 /* AppDelegate.swift */ = {isa = PBXFileReference; lastKnownFileType = sourcecode.swift; path = AppDelegate.swift; sourceTree = "<group>"; };
		ABD9F10522A1039E002B7983 /* ViewController.swift */ = {isa = PBXFileReference; lastKnownFileType = sourcecode.swift; path = ViewController.swift; sourceTree = "<group>"; };
		ABD9F10822A1039E002B7983 /* Base */ = {isa = PBXFileReference; lastKnownFileType = file.storyboard; name = Base; path = Base.lproj/Main.storyboard; sourceTree = "<group>"; };
		ABD9F10A22A1039F002B7983 /* Assets.xcassets */ = {isa = PBXFileReference; lastKnownFileType = folder.assetcatalog; path = Assets.xcassets; sourceTree = "<group>"; };
		ABD9F10D22A1039F002B7983 /* Base */ = {isa = PBXFileReference; lastKnownFileType = file.storyboard; name = Base; path = Base.lproj/LaunchScreen.storyboard; sourceTree = "<group>"; };
		ABD9F10F22A1039F002B7983 /* Info.plist */ = {isa = PBXFileReference; lastKnownFileType = text.plist.xml; path = Info.plist; sourceTree = "<group>"; };
		ABD9F11622A109B1002B7983 /* DynamicColor.framework */ = {isa = PBXFileReference; lastKnownFileType = wrapper.framework; name = DynamicColor.framework; path = Carthage/Build/iOS/DynamicColor.framework; sourceTree = "<group>"; };
/* End PBXFileReference section */

/* Begin PBXFrameworksBuildPhase section */
		ABD9F0FD22A1039E002B7983 /* Frameworks */ = {
			isa = PBXFrameworksBuildPhase;
			buildActionMask = 2147483647;
			files = (
				ABD9F11722A109B1002B7983 /* DynamicColor.framework in Frameworks */,
			);
			runOnlyForDeploymentPostprocessing = 0;
		};
/* End PBXFrameworksBuildPhase section */

/* Begin PBXGroup section */
		ABD9F0F722A1039E002B7983 = {
			isa = PBXGroup;
			children = (
				ABD9F10222A1039E002B7983 /* Carthage */,
				ABD9F10122A1039E002B7983 /* Products */,
				ABD9F11522A109B1002B7983 /* Frameworks */,
			);
			sourceTree = "<group>";
		};
		ABD9F10122A1039E002B7983 /* Products */ = {
			isa = PBXGroup;
			children = (
				ABD9F10022A1039E002B7983 /* Carthage.app */,
			);
			name = Products;
			sourceTree = "<group>";
		};
		ABD9F10222A1039E002B7983 /* Carthage */ = {
			isa = PBXGroup;
			children = (
				ABD9F10322A1039E002B7983 /* AppDelegate.swift */,
				ABD9F10522A1039E002B7983 /* ViewController.swift */,
				ABD9F10722A1039E002B7983 /* Main.storyboard */,
				ABD9F10A22A1039F002B7983 /* Assets.xcassets */,
				ABD9F10C22A1039F002B7983 /* LaunchScreen.storyboard */,
				ABD9F10F22A1039F002B7983 /* Info.plist */,
			);
			path = Carthage;
			sourceTree = "<group>";
		};
		ABD9F11522A109B1002B7983 /* Frameworks */ = {
			isa = PBXGroup;
			children = (
				ABD9F11622A109B1002B7983 /* DynamicColor.framework */,
			);
			name = Frameworks;
			sourceTree = "<group>";
		};
/* End PBXGroup section */

/* Begin PBXNativeTarget section */
		ABD9F0FF22A1039E002B7983 /* Carthage */ = {
			isa = PBXNativeTarget;
			buildConfigurationList = ABD9F11222A1039F002B7983 /* Build configuration list for PBXNativeTarget "Carthage" */;
			buildPhases = (
				ABD9F0FC22A1039E002B7983 /* Sources */,
				ABD9F0FD22A1039E002B7983 /* Frameworks */,
				ABD9F0FE22A1039E002B7983 /* Resources */,
				ABD9F11822A109E6002B7983 /* ShellScript */,
			);
			buildRules = (
			);
			dependencies = (
			);
			name = Carthage;
			productName = Carthage;
			productReference = ABD9F10022A1039E002B7983 /* Carthage.app */;
			productType = "com.apple.product-type.application";
		};
/* End PBXNativeTarget section */

/* Begin PBXProject section */
		ABD9F0F822A1039E002B7983 /* Project object */ = {
			isa = PBXProject;
			attributes = {
				LastSwiftUpdateCheck = 1020;
				LastUpgradeCheck = 1020;
				ORGANIZATIONNAME = "고정아";
				TargetAttributes = {
					ABD9F0FF22A1039E002B7983 = {
						CreatedOnToolsVersion = 10.2.1;
					};
				};
			};
			buildConfigurationList = ABD9F0FB22A1039E002B7983 /* Build configuration list for PBXProject "Carthage" */;
			compatibilityVersion = "Xcode 9.3";
			developmentRegion = en;
			hasScannedForEncodings = 0;
			knownRegions = (
				en,
				Base,
			);
			mainGroup = ABD9F0F722A1039E002B7983;
			productRefGroup = ABD9F10122A1039E002B7983 /* Products */;
			projectDirPath = "";
			projectRoot = "";
			targets = (
				ABD9F0FF22A1039E002B7983 /* Carthage */,
			);
		};
/* End PBXProject section */

/* Begin PBXResourcesBuildPhase section */
		ABD9F0FE22A1039E002B7983 /* Resources */ = {
			isa = PBXResourcesBuildPhase;
			buildActionMask = 2147483647;
			files = (
				ABD9F10E22A1039F002B7983 /* LaunchScreen.storyboard in Resources */,
				ABD9F10B22A1039F002B7983 /* Assets.xcassets in Resources */,
				ABD9F10922A1039E002B7983 /* Main.storyboard in Resources */,
			);
			runOnlyForDeploymentPostprocessing = 0;
		};
/* End PBXResourcesBuildPhase section */

/* Begin PBXShellScriptBuildPhase section */
		ABD9F11822A109E6002B7983 /* ShellScript */ = {
			isa = PBXShellScriptBuildPhase;
			buildActionMask = 2147483647;
			files = (
			);
			inputFileListPaths = (
			);
			inputPaths = (
				"$(SRCROOT)/Carthage/Build/iOS/DynamicColor.framework",
			);
			outputFileListPaths = (
			);
			outputPaths = (
			);
			runOnlyForDeploymentPostprocessing = 0;
			shellPath = /bin/sh;
			shellScript = " /usr/local/bin/carthage copy-frameworks\n";
		};
/* End PBXShellScriptBuildPhase section */

/* Begin PBXSourcesBuildPhase section */
		ABD9F0FC22A1039E002B7983 /* Sources */ = {
			isa = PBXSourcesBuildPhase;
			buildActionMask = 2147483647;
			files = (
				ABD9F10622A1039E002B7983 /* ViewController.swift in Sources */,
				ABD9F10422A1039E002B7983 /* AppDelegate.swift in Sources */,
			);
			runOnlyForDeploymentPostprocessing = 0;
		};
/* End PBXSourcesBuildPhase section */

/* Begin PBXVariantGroup section */
		ABD9F10722A1039E002B7983 /* Main.storyboard */ = {
			isa = PBXVariantGroup;
			children = (
				ABD9F10822A1039E002B7983 /* Base */,
			);
			name = Main.storyboard;
			sourceTree = "<group>";
		};
		ABD9F10C22A1039F002B7983 /* LaunchScreen.storyboard */ = {
			isa = PBXVariantGroup;
			children = (
				ABD9F10D22A1039F002B7983 /* Base */,
			);
			name = LaunchScreen.storyboard;
			sourceTree = "<group>";
		};
/* End PBXVariantGroup section */

/* Begin XCBuildConfiguration section */
		ABD9F11022A1039F002B7983 /* Debug */ = {
			isa = XCBuildConfiguration;
			buildSettings = {
				ALWAYS_SEARCH_USER_PATHS = NO;
				CLANG_ANALYZER_NONNULL = YES;
				CLANG_ANALYZER_NUMBER_OBJECT_CONVERSION = YES_AGGRESSIVE;
				CLANG_CXX_LANGUAGE_STANDARD = "gnu++14";
				CLANG_CXX_LIBRARY = "libc++";
				CLANG_ENABLE_MODULES = YES;
				CLANG_ENABLE_OBJC_ARC = YES;
				CLANG_ENABLE_OBJC_WEAK = YES;
				CLANG_WARN_BLOCK_CAPTURE_AUTORELEASING = YES;
				CLANG_WARN_BOOL_CONVERSION = YES;
				CLANG_WARN_COMMA = YES;
				CLANG_WARN_CONSTANT_CONVERSION = YES;
				CLANG_WARN_DEPRECATED_OBJC_IMPLEMENTATIONS = YES;
				CLANG_WARN_DIRECT_OBJC_ISA_USAGE = YES_ERROR;
				CLANG_WARN_DOCUMENTATION_COMMENTS = YES;
				CLANG_WARN_EMPTY_BODY = YES;
				CLANG_WARN_ENUM_CONVERSION = YES;
				CLANG_WARN_INFINITE_RECURSION = YES;
				CLANG_WARN_INT_CONVERSION = YES;
				CLANG_WARN_NON_LITERAL_NULL_CONVERSION = YES;
				CLANG_WARN_OBJC_IMPLICIT_RETAIN_SELF = YES;
				CLANG_WARN_OBJC_LITERAL_CONVERSION = YES;
				CLANG_WARN_OBJC_ROOT_CLASS = YES_ERROR;
				CLANG_WARN_RANGE_LOOP_ANALYSIS = YES;
				CLANG_WARN_STRICT_PROTOTYPES = YES;
				CLANG_WARN_SUSPICIOUS_MOVE = YES;
				CLANG_WARN_UNGUARDED_AVAILABILITY = YES_AGGRESSIVE;
				CLANG_WARN_UNREACHABLE_CODE = YES;
				CLANG_WARN__DUPLICATE_METHOD_MATCH = YES;
				CODE_SIGN_IDENTITY = "iPhone Developer";
				COPY_PHASE_STRIP = NO;
				DEBUG_INFORMATION_FORMAT = dwarf;
				ENABLE_STRICT_OBJC_MSGSEND = YES;
				ENABLE_TESTABILITY = YES;
				GCC_C_LANGUAGE_STANDARD = gnu11;
				GCC_DYNAMIC_NO_PIC = NO;
				GCC_NO_COMMON_BLOCKS = YES;
				GCC_OPTIMIZATION_LEVEL = 0;
				GCC_PREPROCESSOR_DEFINITIONS = (
					"DEBUG=1",
					"$(inherited)",
				);
				GCC_WARN_64_TO_32_BIT_CONVERSION = YES;
				GCC_WARN_ABOUT_RETURN_TYPE = YES_ERROR;
				GCC_WARN_UNDECLARED_SELECTOR = YES;
				GCC_WARN_UNINITIALIZED_AUTOS = YES_AGGRESSIVE;
				GCC_WARN_UNUSED_FUNCTION = YES;
				GCC_WARN_UNUSED_VARIABLE = YES;
				IPHONEOS_DEPLOYMENT_TARGET = 12.2;
				MTL_ENABLE_DEBUG_INFO = INCLUDE_SOURCE;
				MTL_FAST_MATH = YES;
				ONLY_ACTIVE_ARCH = YES;
				SDKROOT = iphoneos;
				SWIFT_ACTIVE_COMPILATION_CONDITIONS = DEBUG;
				SWIFT_OPTIMIZATION_LEVEL = "-Onone";
			};
			name = Debug;
		};
		ABD9F11122A1039F002B7983 /* Release */ = {
			isa = XCBuildConfiguration;
			buildSettings = {
				ALWAYS_SEARCH_USER_PATHS = NO;
				CLANG_ANALYZER_NONNULL = YES;
				CLANG_ANALYZER_NUMBER_OBJECT_CONVERSION = YES_AGGRESSIVE;
				CLANG_CXX_LANGUAGE_STANDARD = "gnu++14";
				CLANG_CXX_LIBRARY = "libc++";
				CLANG_ENABLE_MODULES = YES;
				CLANG_ENABLE_OBJC_ARC = YES;
				CLANG_ENABLE_OBJC_WEAK = YES;
				CLANG_WARN_BLOCK_CAPTURE_AUTORELEASING = YES;
				CLANG_WARN_BOOL_CONVERSION = YES;
				CLANG_WARN_COMMA = YES;
				CLANG_WARN_CONSTANT_CONVERSION = YES;
				CLANG_WARN_DEPRECATED_OBJC_IMPLEMENTATIONS = YES;
				CLANG_WARN_DIRECT_OBJC_ISA_USAGE = YES_ERROR;
				CLANG_WARN_DOCUMENTATION_COMMENTS = YES;
				CLANG_WARN_EMPTY_BODY = YES;
				CLANG_WARN_ENUM_CONVERSION = YES;
				CLANG_WARN_INFINITE_RECURSION = YES;
				CLANG_WARN_INT_CONVERSION = YES;
				CLANG_WARN_NON_LITERAL_NULL_CONVERSION = YES;
				CLANG_WARN_OBJC_IMPLICIT_RETAIN_SELF = YES;
				CLANG_WARN_OBJC_LITERAL_CONVERSION = YES;
				CLANG_WARN_OBJC_ROOT_CLASS = YES_ERROR;
				CLANG_WARN_RANGE_LOOP_ANALYSIS = YES;
				CLANG_WARN_STRICT_PROTOTYPES = YES;
				CLANG_WARN_SUSPICIOUS_MOVE = YES;
				CLANG_WARN_UNGUARDED_AVAILABILITY = YES_AGGRESSIVE;
				CLANG_WARN_UNREACHABLE_CODE = YES;
				CLANG_WARN__DUPLICATE_METHOD_MATCH = YES;
				CODE_SIGN_IDENTITY = "iPhone Developer";
				COPY_PHASE_STRIP = NO;
				DEBUG_INFORMATION_FORMAT = "dwarf-with-dsym";
				ENABLE_NS_ASSERTIONS = NO;
				ENABLE_STRICT_OBJC_MSGSEND = YES;
				GCC_C_LANGUAGE_STANDARD = gnu11;
				GCC_NO_COMMON_BLOCKS = YES;
				GCC_WARN_64_TO_32_BIT_CONVERSION = YES;
				GCC_WARN_ABOUT_RETURN_TYPE = YES_ERROR;
				GCC_WARN_UNDECLARED_SELECTOR = YES;
				GCC_WARN_UNINITIALIZED_AUTOS = YES_AGGRESSIVE;
				GCC_WARN_UNUSED_FUNCTION = YES;
				GCC_WARN_UNUSED_VARIABLE = YES;
				IPHONEOS_DEPLOYMENT_TARGET = 12.2;
				MTL_ENABLE_DEBUG_INFO = NO;
				MTL_FAST_MATH = YES;
				SDKROOT = iphoneos;
				SWIFT_COMPILATION_MODE = wholemodule;
				SWIFT_OPTIMIZATION_LEVEL = "-O";
				VALIDATE_PRODUCT = YES;
			};
			name = Release;
		};
		ABD9F11322A1039F002B7983 /* Debug */ = {
			isa = XCBuildConfiguration;
			buildSettings = {
				ASSETCATALOG_COMPILER_APPICON_NAME = AppIcon;
				CODE_SIGN_STYLE = Automatic;
				DEVELOPMENT_TEAM = P426AJ4XTG;
				FRAMEWORK_SEARCH_PATHS = (
					"$(inherited)",
					"$(PROJECT_DIR)/Carthage/Build/iOS",
				);
				INFOPLIST_FILE = Carthage/Info.plist;
				LD_RUNPATH_SEARCH_PATHS = (
					"$(inherited)",
					"@executable_path/Frameworks",
				);
				PRODUCT_BUNDLE_IDENTIFIER = ko.Carthage;
				PRODUCT_NAME = "$(TARGET_NAME)";
				SWIFT_VERSION = 5.0;
				TARGETED_DEVICE_FAMILY = "1,2";
			};
			name = Debug;
		};
		ABD9F11422A1039F002B7983 /* Release */ = {
			isa = XCBuildConfiguration;
			buildSettings = {
				ASSETCATALOG_COMPILER_APPICON_NAME = AppIcon;
				CODE_SIGN_STYLE = Automatic;
				DEVELOPMENT_TEAM = P426AJ4XTG;
				FRAMEWORK_SEARCH_PATHS = (
					"$(inherited)",
					"$(PROJECT_DIR)/Carthage/Build/iOS",
				);
				INFOPLIST_FILE = Carthage/Info.plist;
				LD_RUNPATH_SEARCH_PATHS = (
					"$(inherited)",
					"@executable_path/Frameworks",
				);
				PRODUCT_BUNDLE_IDENTIFIER = ko.Carthage;
				PRODUCT_NAME = "$(TARGET_NAME)";
				SWIFT_VERSION = 5.0;
				TARGETED_DEVICE_FAMILY = "1,2";
			};
			name = Release;
		};
/* End XCBuildConfiguration section */

/* Begin XCConfigurationList section */
		ABD9F0FB22A1039E002B7983 /* Build configuration list for PBXProject "Carthage" */ = {
			isa = XCConfigurationList;
			buildConfigurations = (
				ABD9F11022A1039F002B7983 /* Debug */,
				ABD9F11122A1039F002B7983 /* Release */,
			);
			defaultConfigurationIsVisible = 0;
			defaultConfigurationName = Release;
		};
		ABD9F11222A1039F002B7983 /* Build configuration list for PBXNativeTarget "Carthage" */ = {
			isa = XCConfigurationList;
			buildConfigurations = (
				ABD9F11322A1039F002B7983 /* Debug */,
				ABD9F11422A1039F002B7983 /* Release */,
			);
			defaultConfigurationIsVisible = 0;
			defaultConfigurationName = Release;
		};
/* End XCConfigurationList section */
	};
	rootObject = ABD9F0F822A1039E002B7983 /* Project object */;
}
