// !$*UTF8*$!
{
	archiveVersion = 1;
	classes = {
	};
	objectVersion = 50;
	objects = {

/* Begin PBXBuildFile section */
		AB37E58922659C5E00ECEDCC /* AppDelegate.swift in Sources */ = {isa = PBXBuildFile; fileRef = AB37E58822659C5E00ECEDCC /* AppDelegate.swift */; };
		AB37E58B22659C5E00ECEDCC /* ViewController.swift in Sources */ = {isa = PBXBuildFile; fileRef = AB37E58A22659C5E00ECEDCC /* ViewController.swift */; };
		AB37E58E22659C5E00ECEDCC /* Main.storyboard in Resources */ = {isa = PBXBuildFile; fileRef = AB37E58C22659C5E00ECEDCC /* Main.storyboard */; };
		AB37E59022659C5E00ECEDCC /* Assets.xcassets in Resources */ = {isa = PBXBuildFile; fileRef = AB37E58F22659C5E00ECEDCC /* Assets.xcassets */; };
		AB37E59322659C5E00ECEDCC /* LaunchScreen.storyboard in Resources */ = {isa = PBXBuildFile; fileRef = AB37E59122659C5E00ECEDCC /* LaunchScreen.storyboard */; };
		AB37E59B2265ABA400ECEDCC /* DetailContactsVC.swift in Sources */ = {isa = PBXBuildFile; fileRef = AB37E59A2265ABA400ECEDCC /* DetailContactsVC.swift */; };
		AB37E59D2265C15200ECEDCC /* AddNumbersVC.swift in Sources */ = {isa = PBXBuildFile; fileRef = AB37E59C2265C15200ECEDCC /* AddNumbersVC.swift */; };
/* End PBXBuildFile section */

/* Begin PBXFileReference section */
		AB37E58522659C5E00ECEDCC /* ContactsTableView.app */ = {isa = PBXFileReference; explicitFileType = wrapper.application; includeInIndex = 0; path = ContactsTableView.app; sourceTree = BUILT_PRODUCTS_DIR; };
		AB37E58822659C5E00ECEDCC /* AppDelegate.swift */ = {isa = PBXFileReference; lastKnownFileType = sourcecode.swift; path = AppDelegate.swift; sourceTree = "<group>"; };
		AB37E58A22659C5E00ECEDCC /* ViewController.swift */ = {isa = PBXFileReference; lastKnownFileType = sourcecode.swift; path = ViewController.swift; sourceTree = "<group>"; };
		AB37E58D22659C5E00ECEDCC /* Base */ = {isa = PBXFileReference; lastKnownFileType = file.storyboard; name = Base; path = Base.lproj/Main.storyboard; sourceTree = "<group>"; };
		AB37E58F22659C5E00ECEDCC /* Assets.xcassets */ = {isa = PBXFileReference; lastKnownFileType = folder.assetcatalog; path = Assets.xcassets; sourceTree = "<group>"; };
		AB37E59222659C5E00ECEDCC /* Base */ = {isa = PBXFileReference; lastKnownFileType = file.storyboard; name = Base; path = Base.lproj/LaunchScreen.storyboard; sourceTree = "<group>"; };
		AB37E59422659C5E00ECEDCC /* Info.plist */ = {isa = PBXFileReference; lastKnownFileType = text.plist.xml; path = Info.plist; sourceTree = "<group>"; };
		AB37E59A2265ABA400ECEDCC /* DetailContactsVC.swift */ = {isa = PBXFileReference; lastKnownFileType = sourcecode.swift; path = DetailContactsVC.swift; sourceTree = "<group>"; };
		AB37E59C2265C15200ECEDCC /* AddNumbersVC.swift */ = {isa = PBXFileReference; lastKnownFileType = sourcecode.swift; path = AddNumbersVC.swift; sourceTree = "<group>"; };
/* End PBXFileReference section */

/* Begin PBXFrameworksBuildPhase section */
		AB37E58222659C5E00ECEDCC /* Frameworks */ = {
			isa = PBXFrameworksBuildPhase;
			buildActionMask = 2147483647;
			files = (
			);
			runOnlyForDeploymentPostprocessing = 0;
		};
/* End PBXFrameworksBuildPhase section */

/* Begin PBXGroup section */
		AB37E57C22659C5E00ECEDCC = {
			isa = PBXGroup;
			children = (
				AB37E58722659C5E00ECEDCC /* ContactsTableView */,
				AB37E58622659C5E00ECEDCC /* Products */,
			);
			sourceTree = "<group>";
		};
		AB37E58622659C5E00ECEDCC /* Products */ = {
			isa = PBXGroup;
			children = (
				AB37E58522659C5E00ECEDCC /* ContactsTableView.app */,
			);
			name = Products;
			sourceTree = "<group>";
		};
		AB37E58722659C5E00ECEDCC /* ContactsTableView */ = {
			isa = PBXGroup;
			children = (
				AB37E58822659C5E00ECEDCC /* AppDelegate.swift */,
				AB37E58A22659C5E00ECEDCC /* ViewController.swift */,
				AB37E59C2265C15200ECEDCC /* AddNumbersVC.swift */,
				AB37E59A2265ABA400ECEDCC /* DetailContactsVC.swift */,
				AB37E58C22659C5E00ECEDCC /* Main.storyboard */,
				AB37E58F22659C5E00ECEDCC /* Assets.xcassets */,
				AB37E59122659C5E00ECEDCC /* LaunchScreen.storyboard */,
				AB37E59422659C5E00ECEDCC /* Info.plist */,
			);
			path = ContactsTableView;
			sourceTree = "<group>";
		};
/* End PBXGroup section */

/* Begin PBXNativeTarget section */
		AB37E58422659C5E00ECEDCC /* ContactsTableView */ = {
			isa = PBXNativeTarget;
			buildConfigurationList = AB37E59722659C5E00ECEDCC /* Build configuration list for PBXNativeTarget "ContactsTableView" */;
			buildPhases = (
				AB37E58122659C5E00ECEDCC /* Sources */,
				AB37E58222659C5E00ECEDCC /* Frameworks */,
				AB37E58322659C5E00ECEDCC /* Resources */,
			);
			buildRules = (
			);
			dependencies = (
			);
			name = ContactsTableView;
			productName = ContactsTableView;
			productReference = AB37E58522659C5E00ECEDCC /* ContactsTableView.app */;
			productType = "com.apple.product-type.application";
		};
/* End PBXNativeTarget section */

/* Begin PBXProject section */
		AB37E57D22659C5E00ECEDCC /* Project object */ = {
			isa = PBXProject;
			attributes = {
				LastSwiftUpdateCheck = 1020;
				LastUpgradeCheck = 1020;
				ORGANIZATIONNAME = "고정아";
				TargetAttributes = {
					AB37E58422659C5E00ECEDCC = {
						CreatedOnToolsVersion = 10.2;
					};
				};
			};
			buildConfigurationList = AB37E58022659C5E00ECEDCC /* Build configuration list for PBXProject "ContactsTableView" */;
			compatibilityVersion = "Xcode 9.3";
			developmentRegion = en;
			hasScannedForEncodings = 0;
			knownRegions = (
				en,
				Base,
			);
			mainGroup = AB37E57C22659C5E00ECEDCC;
			productRefGroup = AB37E58622659C5E00ECEDCC /* Products */;
			projectDirPath = "";
			projectRoot = "";
			targets = (
				AB37E58422659C5E00ECEDCC /* ContactsTableView */,
			);
		};
/* End PBXProject section */

/* Begin PBXResourcesBuildPhase section */
		AB37E58322659C5E00ECEDCC /* Resources */ = {
			isa = PBXResourcesBuildPhase;
			buildActionMask = 2147483647;
			files = (
				AB37E59322659C5E00ECEDCC /* LaunchScreen.storyboard in Resources */,
				AB37E59022659C5E00ECEDCC /* Assets.xcassets in Resources */,
				AB37E58E22659C5E00ECEDCC /* Main.storyboard in Resources */,
			);
			runOnlyForDeploymentPostprocessing = 0;
		};
/* End PBXResourcesBuildPhase section */

/* Begin PBXSourcesBuildPhase section */
		AB37E58122659C5E00ECEDCC /* Sources */ = {
			isa = PBXSourcesBuildPhase;
			buildActionMask = 2147483647;
			files = (
				AB37E58B22659C5E00ECEDCC /* ViewController.swift in Sources */,
				AB37E59B2265ABA400ECEDCC /* DetailContactsVC.swift in Sources */,
				AB37E58922659C5E00ECEDCC /* AppDelegate.swift in Sources */,
				AB37E59D2265C15200ECEDCC /* AddNumbersVC.swift in Sources */,
			);
			runOnlyForDeploymentPostprocessing = 0;
		};
/* End PBXSourcesBuildPhase section */

/* Begin PBXVariantGroup section */
		AB37E58C22659C5E00ECEDCC /* Main.storyboard */ = {
			isa = PBXVariantGroup;
			children = (
				AB37E58D22659C5E00ECEDCC /* Base */,
			);
			name = Main.storyboard;
			sourceTree = "<group>";
		};
		AB37E59122659C5E00ECEDCC /* LaunchScreen.storyboard */ = {
			isa = PBXVariantGroup;
			children = (
				AB37E59222659C5E00ECEDCC /* Base */,
			);
			name = LaunchScreen.storyboard;
			sourceTree = "<group>";
		};
/* End PBXVariantGroup section */

/* Begin XCBuildConfiguration section */
		AB37E59522659C5E00ECEDCC /* Debug */ = {
			isa = XCBuildConfiguration;
			buildSettings = {
				ALWAYS_SEARCH_USER_PATHS = NO;
				CLANG_ANALYZER_NONNULL = YES;
				CLANG_ANALYZER_NUMBER_OBJECT_CONVERSION = YES_AGGRESSIVE;
				CLANG_CXX_LANGUAGE_STANDARD = "gnu++14";
				CLANG_CXX_LIBRARY = "libc++";
				CLANG_ENABLE_MODULES = YES;
				CLANG_ENABLE_OBJC_ARC = YES;
				CLANG_ENABLE_OBJC_WEAK = YES;
				CLANG_WARN_BLOCK_CAPTURE_AUTORELEASING = YES;
				CLANG_WARN_BOOL_CONVERSION = YES;
				CLANG_WARN_COMMA = YES;
				CLANG_WARN_CONSTANT_CONVERSION = YES;
				CLANG_WARN_DEPRECATED_OBJC_IMPLEMENTATIONS = YES;
				CLANG_WARN_DIRECT_OBJC_ISA_USAGE = YES_ERROR;
				CLANG_WARN_DOCUMENTATION_COMMENTS = YES;
				CLANG_WARN_EMPTY_BODY = YES;
				CLANG_WARN_ENUM_CONVERSION = YES;
				CLANG_WARN_INFINITE_RECURSION = YES;
				CLANG_WARN_INT_CONVERSION = YES;
				CLANG_WARN_NON_LITERAL_NULL_CONVERSION = YES;
				CLANG_WARN_OBJC_IMPLICIT_RETAIN_SELF = YES;
				CLANG_WARN_OBJC_LITERAL_CONVERSION = YES;
				CLANG_WARN_OBJC_ROOT_CLASS = YES_ERROR;
				CLANG_WARN_RANGE_LOOP_ANALYSIS = YES;
				CLANG_WARN_STRICT_PROTOTYPES = YES;
				CLANG_WARN_SUSPICIOUS_MOVE = YES;
				CLANG_WARN_UNGUARDED_AVAILABILITY = YES_AGGRESSIVE;
				CLANG_WARN_UNREACHABLE_CODE = YES;
				CLANG_WARN__DUPLICATE_METHOD_MATCH = YES;
				CODE_SIGN_IDENTITY = "iPhone Developer";
				COPY_PHASE_STRIP = NO;
				DEBUG_INFORMATION_FORMAT = dwarf;
				ENABLE_STRICT_OBJC_MSGSEND = YES;
				ENABLE_TESTABILITY = YES;
				GCC_C_LANGUAGE_STANDARD = gnu11;
				GCC_DYNAMIC_NO_PIC = NO;
				GCC_NO_COMMON_BLOCKS = YES;
				GCC_OPTIMIZATION_LEVEL = 0;
				GCC_PREPROCESSOR_DEFINITIONS = (
					"DEBUG=1",
					"$(inherited)",
				);
				GCC_WARN_64_TO_32_BIT_CONVERSION = YES;
				GCC_WARN_ABOUT_RETURN_TYPE = YES_ERROR;
				GCC_WARN_UNDECLARED_SELECTOR = YES;
				GCC_WARN_UNINITIALIZED_AUTOS = YES_AGGRESSIVE;
				GCC_WARN_UNUSED_FUNCTION = YES;
				GCC_WARN_UNUSED_VARIABLE = YES;
				IPHONEOS_DEPLOYMENT_TARGET = 12.2;
				MTL_ENABLE_DEBUG_INFO = INCLUDE_SOURCE;
				MTL_FAST_MATH = YES;
				ONLY_ACTIVE_ARCH = YES;
				SDKROOT = iphoneos;
				SWIFT_ACTIVE_COMPILATION_CONDITIONS = DEBUG;
				SWIFT_OPTIMIZATION_LEVEL = "-Onone";
			};
			name = Debug;
		};
		AB37E59622659C5E00ECEDCC /* Release */ = {
			isa = XCBuildConfiguration;
			buildSettings = {
				ALWAYS_SEARCH_USER_PATHS = NO;
				CLANG_ANALYZER_NONNULL = YES;
				CLANG_ANALYZER_NUMBER_OBJECT_CONVERSION = YES_AGGRESSIVE;
				CLANG_CXX_LANGUAGE_STANDARD = "gnu++14";
				CLANG_CXX_LIBRARY = "libc++";
				CLANG_ENABLE_MODULES = YES;
				CLANG_ENABLE_OBJC_ARC = YES;
				CLANG_ENABLE_OBJC_WEAK = YES;
				CLANG_WARN_BLOCK_CAPTURE_AUTORELEASING = YES;
				CLANG_WARN_BOOL_CONVERSION = YES;
				CLANG_WARN_COMMA = YES;
				CLANG_WARN_CONSTANT_CONVERSION = YES;
				CLANG_WARN_DEPRECATED_OBJC_IMPLEMENTATIONS = YES;
				CLANG_WARN_DIRECT_OBJC_ISA_USAGE = YES_ERROR;
				CLANG_WARN_DOCUMENTATION_COMMENTS = YES;
				CLANG_WARN_EMPTY_BODY = YES;
				CLANG_WARN_ENUM_CONVERSION = YES;
				CLANG_WARN_INFINITE_RECURSION = YES;
				CLANG_WARN_INT_CONVERSION = YES;
				CLANG_WARN_NON_LITERAL_NULL_CONVERSION = YES;
				CLANG_WARN_OBJC_IMPLICIT_RETAIN_SELF = YES;
				CLANG_WARN_OBJC_LITERAL_CONVERSION = YES;
				CLANG_WARN_OBJC_ROOT_CLASS = YES_ERROR;
				CLANG_WARN_RANGE_LOOP_ANALYSIS = YES;
				CLANG_WARN_STRICT_PROTOTYPES = YES;
				CLANG_WARN_SUSPICIOUS_MOVE = YES;
				CLANG_WARN_UNGUARDED_AVAILABILITY = YES_AGGRESSIVE;
				CLANG_WARN_UNREACHABLE_CODE = YES;
				CLANG_WARN__DUPLICATE_METHOD_MATCH = YES;
				CODE_SIGN_IDENTITY = "iPhone Developer";
				COPY_PHASE_STRIP = NO;
				DEBUG_INFORMATION_FORMAT = "dwarf-with-dsym";
				ENABLE_NS_ASSERTIONS = NO;
				ENABLE_STRICT_OBJC_MSGSEND = YES;
				GCC_C_LANGUAGE_STANDARD = gnu11;
				GCC_NO_COMMON_BLOCKS = YES;
				GCC_WARN_64_TO_32_BIT_CONVERSION = YES;
				GCC_WARN_ABOUT_RETURN_TYPE = YES_ERROR;
				GCC_WARN_UNDECLARED_SELECTOR = YES;
				GCC_WARN_UNINITIALIZED_AUTOS = YES_AGGRESSIVE;
				GCC_WARN_UNUSED_FUNCTION = YES;
				GCC_WARN_UNUSED_VARIABLE = YES;
				IPHONEOS_DEPLOYMENT_TARGET = 12.2;
				MTL_ENABLE_DEBUG_INFO = NO;
				MTL_FAST_MATH = YES;
				SDKROOT = iphoneos;
				SWIFT_COMPILATION_MODE = wholemodule;
				SWIFT_OPTIMIZATION_LEVEL = "-O";
				VALIDATE_PRODUCT = YES;
			};
			name = Release;
		};
		AB37E59822659C5E00ECEDCC /* Debug */ = {
			isa = XCBuildConfiguration;
			buildSettings = {
				ASSETCATALOG_COMPILER_APPICON_NAME = AppIcon;
				CODE_SIGN_STYLE = Automatic;
				INFOPLIST_FILE = ContactsTableView/Info.plist;
				LD_RUNPATH_SEARCH_PATHS = (
					"$(inherited)",
					"@executable_path/Frameworks",
				);
				PRODUCT_BUNDLE_IDENTIFIER = ko.ContactsTableView;
				PRODUCT_NAME = "$(TARGET_NAME)";
				SWIFT_VERSION = 5.0;
				TARGETED_DEVICE_FAMILY = "1,2";
			};
			name = Debug;
		};
		AB37E59922659C5E00ECEDCC /* Release */ = {
			isa = XCBuildConfiguration;
			buildSettings = {
				ASSETCATALOG_COMPILER_APPICON_NAME = AppIcon;
				CODE_SIGN_STYLE = Automatic;
				INFOPLIST_FILE = ContactsTableView/Info.plist;
				LD_RUNPATH_SEARCH_PATHS = (
					"$(inherited)",
					"@executable_path/Frameworks",
				);
				PRODUCT_BUNDLE_IDENTIFIER = ko.ContactsTableView;
				PRODUCT_NAME = "$(TARGET_NAME)";
				SWIFT_VERSION = 5.0;
				TARGETED_DEVICE_FAMILY = "1,2";
			};
			name = Release;
		};
/* End XCBuildConfiguration section */

/* Begin XCConfigurationList section */
		AB37E58022659C5E00ECEDCC /* Build configuration list for PBXProject "ContactsTableView" */ = {
			isa = XCConfigurationList;
			buildConfigurations = (
				AB37E59522659C5E00ECEDCC /* Debug */,
				AB37E59622659C5E00ECEDCC /* Release */,
			);
			defaultConfigurationIsVisible = 0;
			defaultConfigurationName = Release;
		};
		AB37E59722659C5E00ECEDCC /* Build configuration list for PBXNativeTarget "ContactsTableView" */ = {
			isa = XCConfigurationList;
			buildConfigurations = (
				AB37E59822659C5E00ECEDCC /* Debug */,
				AB37E59922659C5E00ECEDCC /* Release */,
			);
			defaultConfigurationIsVisible = 0;
			defaultConfigurationName = Release;
		};
/* End XCConfigurationList section */
	};
	rootObject = AB37E57D22659C5E00ECEDCC /* Project object */;
}
